# THIS IS AN AUTOGENERATED FILE. DO NOT EDIT THIS FILE DIRECTLY.
# yarn lockfile v1


"@atlaskit/avatar@^2.0.0":
  version "2.1.5"
  resolved "https://registry.yarnpkg.com/@atlaskit/avatar/-/avatar-2.1.5.tgz#bcd66211ffc48455f3c1652a03727b2a6980bf49"
  dependencies:
    "@atlaskit/util-shared-styles" "^1.0.0"
    babel-runtime "^6.11.6"
    classnames "^2.2.5"

"@atlaskit/button-group@^1.0.7":
  version "1.0.11"
  resolved "https://registry.yarnpkg.com/@atlaskit/button-group/-/button-group-1.0.11.tgz#7c0d3f176b63752da9f6b418dc9084b240f99af9"
  dependencies:
    "@atlaskit/util-shared-styles" "^1.0.0"

"@atlaskit/button@^1.0.0", "@atlaskit/button@^1.0.10":
  version "1.0.16"
  resolved "https://registry.yarnpkg.com/@atlaskit/button/-/button-1.0.16.tgz#2fce1cfaa9d911942d164860585933323c920972"
  dependencies:
    "@atlaskit/util-shared-styles" "^1.0.0"
    babel-runtime "^6.11.6"
    classnames "^2.2.5"

"@atlaskit/dropdown-menu@^1.1.4":
  version "1.1.12"
  resolved "https://registry.yarnpkg.com/@atlaskit/dropdown-menu/-/dropdown-menu-1.1.12.tgz#fd0df3cd474b380de4a46ca9d9128cad87614fef"
  dependencies:
    uid "0.0.2"
    "@atlaskit/button" "^1.0.0"
    "@atlaskit/droplist" "^3.0.0"
    "@atlaskit/icon" "^3.0.0"
    "@atlaskit/util-shared-styles" "^1.0.0"
    babel-runtime "^6.11.6"

"@atlaskit/droplist-group@^1.0.6":
  version "1.0.6"
  resolved "https://registry.yarnpkg.com/@atlaskit/droplist-group/-/droplist-group-1.0.6.tgz#709640c4081e4e5c93fa28cf4499d2bfe70704de"
  dependencies:
    "@atlaskit/util-shared-styles" "^1.0.0"
    babel-runtime "^6.11.6"
    classnames "^2.2.5"

"@atlaskit/droplist-item@^2.0.8":
  version "2.0.8"
  resolved "https://registry.yarnpkg.com/@atlaskit/droplist-item/-/droplist-item-2.0.8.tgz#93db27f0d9e3d9f1bb1fa943b0c864326488b258"
  dependencies:
    "@atlaskit/util-shared-styles" "^1.0.0"
    ak-icon "^12.1.3"
    babel-runtime "^6.11.6"
    classnames "^2.2.5"

"@atlaskit/droplist-trigger@^1.0.0":
  version "1.1.4"
  resolved "https://registry.yarnpkg.com/@atlaskit/droplist-trigger/-/droplist-trigger-1.1.4.tgz#818534119989dbecae7dc23d5c1029072058355e"
  dependencies:
    "@atlaskit/util-shared-styles" "^1.0.0"
    babel-runtime "^6.11.6"
    classnames "^2.2.5"
    keycode "^2.1.7"

"@atlaskit/droplist@^1.3.11":
  version "1.3.11"
  resolved "https://registry.yarnpkg.com/@atlaskit/droplist/-/droplist-1.3.11.tgz#81228a5441e2bf94d79afc72110bd8300fec393a"
  dependencies:
    "@atlaskit/droplist-trigger" "^1.0.0"
    "@atlaskit/layer" "^1.0.0"
    "@atlaskit/util-shared-styles" "^1.0.0"
    babel-runtime "^6.11.6"
    classnames "^2.2.5"

"@atlaskit/droplist@^3.0.0":
  version "3.3.1"
  resolved "https://registry.yarnpkg.com/@atlaskit/droplist/-/droplist-3.3.1.tgz#7c197780c2cf11fcccb830451f27a5e56d4cf775"
  dependencies:
    "@atlaskit/icon" "^2.5.5"
    "@atlaskit/layer" "^1.0.0"
    "@atlaskit/util-shared-styles" "^1.0.0"
    babel-runtime "^6.11.6"
    classnames "^2.2.5"
    keycode "^2.1.7"

"@atlaskit/editor-core@^7.5.0":
  version "7.6.1"
  resolved "https://registry.yarnpkg.com/@atlaskit/editor-core/-/editor-core-7.6.1.tgz#cd6d97240564268f68ba6d697ec995d4b770306a"
  dependencies:
    "@atlaskit/button" "^1.0.10"
    "@atlaskit/button-group" "^1.0.7"
    "@atlaskit/dropdown-menu" "^1.1.4"
    "@atlaskit/droplist" "^1.3.11"
    "@atlaskit/droplist-group" "^1.0.6"
    "@atlaskit/droplist-item" "^2.0.8"
    "@atlaskit/emoji" "^11.2.0"
    "@atlaskit/icon" "^2.5.6"
    "@atlaskit/media-core" "^1.2.0"
    "@atlaskit/mention" "^4.0.5"
    "@atlaskit/spinner" "^1.0.1"
    "@atlaskit/tooltip" "^1.0.3"
    "@atlaskit/util-shared-styles" "^1.2.1"
    browserkeymap "git://github.com/bradleyayers/browserkeymap#es6-modules-compat-with-types"
    popper.js "^1.0.1"
    prosemirror "git+https://bitbucket.org/atlassian/prosemirror.git#backport-fixes-from-future"
    tslib "^1.2.0"
    typestyle "^0.21.4"

"@atlaskit/emoji@^11.2.0":
  version "11.2.3"
  resolved "https://registry.yarnpkg.com/@atlaskit/emoji/-/emoji-11.2.3.tgz#03490ce5c31e77a3e03ce4bb1da2601caf9ef1f4"
  dependencies:
    "@atlaskit/button" "^1.0.0"
    "@atlaskit/field-base" "^2.0.4"
    "@atlaskit/icon" "^2.3.3"
    "@atlaskit/spinner" "^1.0.2"
    "@atlaskit/util-common" "^1.0.0"
    "@atlaskit/util-shared-styles" "^1.0.2"
    babel-runtime "^6.11.6"
    classnames "^2.2.5"
    es6-promise "^4.0.5"
    js-search "1.3.5"
    react-addons-shallow-compare "^15.4.1"
    react-virtualized "^8.7.1"
    tslib "^1.2.0"
    typestyle "^0.21.4"
    url-search-params "^0.6.1"
    whatwg-fetch "^1.0.0"

"@atlaskit/field-base@^2.0.4":
  version "2.1.6"
  resolved "https://registry.yarnpkg.com/@atlaskit/field-base/-/field-base-2.1.6.tgz#79917da913eaf66fc5b6cab225caa813bde0cf09"
  dependencies:
    "@atlaskit/icon" "^1.0.0"
    "@atlaskit/spinner" "^1.0.1"
    "@atlaskit/util-shared-styles" "^1.0.1"
    babel-runtime "^6.11.6"
    classnames "^2.2.5"

"@atlaskit/icon@^1.0.0":
  version "1.0.0"
  resolved "https://registry.yarnpkg.com/@atlaskit/icon/-/icon-1.0.0.tgz#267a41e4d254afbf4d2cff8acd85d4e0218fb18a"
  dependencies:
    babel-runtime "^6.11.6"
    classnames "^2.2.5"
    create-error "^0.3.1"

"@atlaskit/icon@^2.3.3", "@atlaskit/icon@^2.5.5", "@atlaskit/icon@^2.5.6":
  version "2.5.6"
  resolved "https://registry.yarnpkg.com/@atlaskit/icon/-/icon-2.5.6.tgz#6743bf214973cdfe62ec5996a956c465551198a0"
  dependencies:
    babel-runtime "^6.11.6"
    classnames "^2.2.5"
    create-error "^0.3.1"

"@atlaskit/icon@^3.0.0":
  version "3.0.3"
  resolved "https://registry.yarnpkg.com/@atlaskit/icon/-/icon-3.0.3.tgz#0cdc098b97601454bc4b580c143bf0c30ec40d48"
  dependencies:
    babel-runtime "^6.11.6"
    classnames "^2.2.5"
    create-error "^0.3.1"

"@atlaskit/layer@^1.0.0":
  version "1.1.9"
  resolved "https://registry.yarnpkg.com/@atlaskit/layer/-/layer-1.1.9.tgz#d2ea4ff2ec99175dcaabb383a820c604d5e9aa0f"
  dependencies:
    "@atlaskit/util-shared-styles" "^1.0.0"
    babel-runtime "^6.11.6"
    popper.js "^1.0.1"

"@atlaskit/lozenge@^1.0.2":
  version "1.0.11"
  resolved "https://registry.yarnpkg.com/@atlaskit/lozenge/-/lozenge-1.0.11.tgz#8e24b07e2af58598c887884cbcc8832213acc21d"
  dependencies:
    "@atlaskit/util-shared-styles" "^1.0.0"
    babel-runtime "^6.11.6"
    classnames "^2.2.5"

"@atlaskit/media-core@^1.2.0":
  version "1.99.1"
  resolved "https://registry.yarnpkg.com/@atlaskit/media-core/-/media-core-1.99.1.tgz#053add5df47fca079debc1c938951a405303b541"
  dependencies:
    axios "^0.15.3"
    lru-fast "^0.2.2"
    tslib "^1.2.0"

"@atlaskit/mention@^4.0.5":
  version "4.2.0"
  resolved "https://registry.yarnpkg.com/@atlaskit/mention/-/mention-4.2.0.tgz#a5b0deb8845ffb6d4e473189f85c5d1590dd8bf0"
  dependencies:
    uid "^0.0.2"
    "@atlaskit/avatar" "^2.0.0"
    "@atlaskit/lozenge" "^1.0.2"
    "@atlaskit/util-common" "^1.0.0"
    "@atlaskit/util-shared-styles" "^1.0.0"
    babel-runtime "^6.11.6"
    classnames "^2.2.5"
    es6-promise "^4.0.5"
    tslib "^1.2.0"
    typestyle "^0.21.4"
    url-search-params "^0.6.1"
    whatwg-fetch "^1.0.0"

"@atlaskit/spinner@^1.0.1", "@atlaskit/spinner@^1.0.2":
  version "1.0.5"
  resolved "https://registry.yarnpkg.com/@atlaskit/spinner/-/spinner-1.0.5.tgz#1e50e11efb0cc35ee42135b01b06d7d8fe730dea"
  dependencies:
    babel-runtime "^6.11.6"
    classnames "^2.2.5"

"@atlaskit/tooltip@^1.0.3":
  version "1.0.8"
  resolved "https://registry.yarnpkg.com/@atlaskit/tooltip/-/tooltip-1.0.8.tgz#96d22410bf94a1172686c7d7f2122ddfed79bed0"
  dependencies:
    "@atlaskit/layer" "^1.0.0"
    "@atlaskit/util-shared-styles" "^1.0.0"
    babel-runtime "^6.11.6"

"@atlaskit/util-common@^1.0.0":
  version "1.1.2"
  resolved "https://registry.yarnpkg.com/@atlaskit/util-common/-/util-common-1.1.2.tgz#b703b58aed6b98813e2344e9e026d5f7a63ce4b8"
  dependencies:
    babel-runtime "^6.11.6"
    create-error "^0.3.1"
    keycode "^2.1.2"

"@atlaskit/util-shared-styles@^1.0.0", "@atlaskit/util-shared-styles@^1.0.1", "@atlaskit/util-shared-styles@^1.0.2", "@atlaskit/util-shared-styles@^1.2.1":
  version "1.2.1"
  resolved "https://registry.yarnpkg.com/@atlaskit/util-shared-styles/-/util-shared-styles-1.2.1.tgz#0813620fbe0f0352157d945b978853a46e3b0dc9"
  dependencies:
    babel-runtime "^6.11.6"

ak-icon@^12.1.3:
  version "12.2.1"
  resolved "https://registry.yarnpkg.com/ak-icon/-/ak-icon-12.2.1.tgz#181c6cfc4a92a0be76594742afcb41e62cbd1330"
  dependencies:
    babel-runtime "^6.11.6"
    classnames "^2.2.5"
    create-error "^0.3.1"

argparse@^1.0.7:
  version "1.0.9"
  resolved "https://registry.yarnpkg.com/argparse/-/argparse-1.0.9.tgz#73d83bc263f86e97f8cc4f6bae1b0e90a7d22c86"
  dependencies:
    sprintf-js "~1.0.2"

asap@~2.0.3:
  version "2.0.5"
  resolved "https://registry.yarnpkg.com/asap/-/asap-2.0.5.tgz#522765b50c3510490e52d7dcfe085ef9ba96958f"

axios@^0.15.3:
  version "0.15.3"
  resolved "https://registry.yarnpkg.com/axios/-/axios-0.15.3.tgz#2c9d638b2e191a08ea1d6cc988eadd6ba5bdc053"
  dependencies:
    follow-redirects "1.0.0"

babel-runtime@^6.11.6:
  version "6.23.0"
  resolved "https://registry.yarnpkg.com/babel-runtime/-/babel-runtime-6.23.0.tgz#0a9489f144de70efb3ce4300accdb329e2fc543b"
  dependencies:
    core-js "^2.4.0"
    regenerator-runtime "^0.10.0"

browserkeymap@^1.0.0, "browserkeymap@git://github.com/bradleyayers/browserkeymap.git#es6-modules-compat-with-types":
  version "1.0.1"
  resolved "git://github.com/bradleyayers/browserkeymap.git#3615382475d0d6beeb1c5f0b27a1eadc94a108ac"

classnames@^2.2.3, classnames@^2.2.5:
  version "2.2.5"
  resolved "https://registry.yarnpkg.com/classnames/-/classnames-2.2.5.tgz#fb3801d453467649ef3603c7d61a02bd129bde6d"

core-js@^1.0.0:
  version "1.2.7"
  resolved "https://registry.yarnpkg.com/core-js/-/core-js-1.2.7.tgz#652294c14651db28fa93bd2d5ff2983a4f08c636"

core-js@^2.4.0:
  version "2.4.1"
  resolved "https://registry.yarnpkg.com/core-js/-/core-js-2.4.1.tgz#4de911e667b0eae9124e34254b53aea6fc618d3e"

create-error@^0.3.1:
  version "0.3.1"
  resolved "https://registry.yarnpkg.com/create-error/-/create-error-0.3.1.tgz#69810245a629e654432bf04377360003a5351a23"

debug@^2.2.0:
  version "2.6.3"
  resolved "https://registry.yarnpkg.com/debug/-/debug-2.6.3.tgz#0f7eb8c30965ec08c72accfa0130c8b79984141d"
  dependencies:
    ms "0.7.2"

"dom-helpers@^2.4.0 || ^3.0.0":
  version "3.2.1"
  resolved "https://registry.yarnpkg.com/dom-helpers/-/dom-helpers-3.2.1.tgz#3203e07fed217bd1f424b019735582fc37b2825a"

encoding@^0.1.11:
  version "0.1.12"
  resolved "https://registry.yarnpkg.com/encoding/-/encoding-0.1.12.tgz#538b66f3ee62cd1ab51ec323829d1f9480c74beb"
  dependencies:
    iconv-lite "~0.4.13"

entities@~1.1.1:
  version "1.1.1"
  resolved "https://registry.yarnpkg.com/entities/-/entities-1.1.1.tgz#6e5c2d0a5621b5dadaecef80b90edfb5cd7772f0"

es6-promise@^4.0.5:
  version "4.1.0"
  resolved "https://registry.yarnpkg.com/es6-promise/-/es6-promise-4.1.0.tgz#dda03ca8f9f89bc597e689842929de7ba8cebdf0"

fbjs@^0.8.4:
  version "0.8.12"
  resolved "https://registry.yarnpkg.com/fbjs/-/fbjs-0.8.12.tgz#10b5d92f76d45575fd63a217d4ea02bea2f8ed04"
  dependencies:
    core-js "^1.0.0"
    isomorphic-fetch "^2.1.1"
    loose-envify "^1.0.0"
    object-assign "^4.1.0"
    promise "^7.1.1"
    setimmediate "^1.0.5"
    ua-parser-js "^0.7.9"

follow-redirects@1.0.0:
  version "1.0.0"
  resolved "https://registry.yarnpkg.com/follow-redirects/-/follow-redirects-1.0.0.tgz#8e34298cbd2e176f254effec75a1c78cc849fd37"
  dependencies:
    debug "^2.2.0"

free-style@2.2.0:
  version "2.2.0"
  resolved "https://registry.yarnpkg.com/free-style/-/free-style-2.2.0.tgz#c7f65fbd6fbb7f84633c58bf5fd09c74a433e4a1"

iconv-lite@~0.4.13:
  version "0.4.15"
  resolved "https://registry.yarnpkg.com/iconv-lite/-/iconv-lite-0.4.15.tgz#fe265a218ac6a57cfe854927e9d04c19825eddeb"

is-stream@^1.0.1:
  version "1.1.0"
  resolved "https://registry.yarnpkg.com/is-stream/-/is-stream-1.1.0.tgz#12d4a3dd4e68e0b79ceb8dbc84173ae80d91ca44"

isomorphic-fetch@^2.1.1:
  version "2.2.1"
  resolved "https://registry.yarnpkg.com/isomorphic-fetch/-/isomorphic-fetch-2.2.1.tgz#611ae1acf14f5e81f729507472819fe9733558a9"
  dependencies:
    node-fetch "^1.0.1"
    whatwg-fetch ">=0.10.0"

js-search@1.3.5:
  version "1.3.5"
  resolved "https://registry.yarnpkg.com/js-search/-/js-search-1.3.5.tgz#b489c05aabc4b22cdb75484fe75ac49fa94feff2"

js-tokens@^3.0.0:
  version "3.0.1"
  resolved "https://registry.yarnpkg.com/js-tokens/-/js-tokens-3.0.1.tgz#08e9f132484a2c45a30907e9dc4d5567b7f114d7"

keycode@^2.1.2, keycode@^2.1.7:
  version "2.1.8"
  resolved "https://registry.yarnpkg.com/keycode/-/keycode-2.1.8.tgz#94d2b7098215eff0e8f9a8931d5a59076c4532fb"

linkify-it@~1.2.2:
  version "1.2.4"
  resolved "https://registry.yarnpkg.com/linkify-it/-/linkify-it-1.2.4.tgz#0773526c317c8fd13bd534ee1d180ff88abf881a"
  dependencies:
    uc.micro "^1.0.1"

loose-envify@^1.0.0, loose-envify@^1.3.0:
  version "1.3.1"
  resolved "https://registry.yarnpkg.com/loose-envify/-/loose-envify-1.3.1.tgz#d1a8ad33fa9ce0e713d65fdd0ac8b748d478c848"
  dependencies:
    js-tokens "^3.0.0"

lru-fast@^0.2.2:
  version "0.2.2"
  resolved "https://registry.yarnpkg.com/lru-fast/-/lru-fast-0.2.2.tgz#30c233304cdd9b694b75141d897c52d4d413796c"

markdown-it@^6.0.4:
  version "6.1.1"
  resolved "https://registry.yarnpkg.com/markdown-it/-/markdown-it-6.1.1.tgz#ced037f4473ee9f5153ac414f77dc83c91ba927c"
  dependencies:
    argparse "^1.0.7"
    entities "~1.1.1"
    linkify-it "~1.2.2"
    mdurl "~1.0.1"
    uc.micro "^1.0.1"

mdurl@~1.0.1:
  version "1.0.1"
  resolved "https://registry.yarnpkg.com/mdurl/-/mdurl-1.0.1.tgz#fe85b2ec75a59037f2adfec100fd6c601761152e"

ms@0.7.2:
  version "0.7.2"
  resolved "https://registry.yarnpkg.com/ms/-/ms-0.7.2.tgz#ae25cf2512b3885a1d95d7f037868d8431124765"

node-fetch@^1.0.1:
  version "1.6.3"
  resolved "https://registry.yarnpkg.com/node-fetch/-/node-fetch-1.6.3.tgz#dc234edd6489982d58e8f0db4f695029abcd8c04"
  dependencies:
    encoding "^0.1.11"
    is-stream "^1.0.1"

object-assign@^4.1.0:
  version "4.1.1"
  resolved "https://registry.yarnpkg.com/object-assign/-/object-assign-4.1.1.tgz#2109adc7965887cfc05cbbd442cac8bfbb360863"

popper.js@^1.0.1:
  version "1.0.8"
  resolved "https://registry.yarnpkg.com/popper.js/-/popper.js-1.0.8.tgz#05c2cb34fdf78af99eb33337605a1384fbaffa32"

promise@^7.1.1:
  version "7.1.1"
  resolved "https://registry.yarnpkg.com/promise/-/promise-7.1.1.tgz#489654c692616b8aa55b0724fa809bb7db49c5bf"
  dependencies:
    asap "~2.0.3"

"prosemirror@git+https://bitbucket.org/atlassian/prosemirror.git#backport-fixes-from-future":
  version "0.10.1"
  resolved "git+https://bitbucket.org/atlassian/prosemirror.git#315c8788cc8af4b3797cb3095fa634a6daaa681b"
  dependencies:
    browserkeymap "^1.0.0"
    markdown-it "^6.0.4"
    subscription "^3.0.0"

react-addons-shallow-compare@^15.4.1:
  version "15.5.2"
  resolved "https://registry.yarnpkg.com/react-addons-shallow-compare/-/react-addons-shallow-compare-15.5.2.tgz#7cb0ee7acc8d7c93fcc202df0bf47ba916a7bdad"
  dependencies:
    fbjs "^0.8.4"
    object-assign "^4.1.0"

react-virtualized@^8.7.1:
  version "8.11.4"
  resolved "https://registry.yarnpkg.com/react-virtualized/-/react-virtualized-8.11.4.tgz#0bb94f1ecbd286d07145ce63983d0a11724522c0"
  dependencies:
    babel-runtime "^6.11.6"
    classnames "^2.2.3"
    dom-helpers "^2.4.0 || ^3.0.0"
    loose-envify "^1.3.0"

regenerator-runtime@^0.10.0:
  version "0.10.3"
  resolved "https://registry.yarnpkg.com/regenerator-runtime/-/regenerator-runtime-0.10.3.tgz#8c4367a904b51ea62a908ac310bf99ff90a82a3e"

setimmediate@^1.0.5:
  version "1.0.5"
  resolved "https://registry.yarnpkg.com/setimmediate/-/setimmediate-1.0.5.tgz#290cbb232e306942d7d7ea9b83732ab7856f8285"

sprintf-js@~1.0.2:
  version "1.0.3"
  resolved "https://registry.yarnpkg.com/sprintf-js/-/sprintf-js-1.0.3.tgz#04e6926f662895354f3dd015203633b857297e2c"

subscription@^3.0.0:
  version "3.0.0"
  resolved "https://registry.yarnpkg.com/subscription/-/subscription-3.0.0.tgz#0e3169263ea9889a7d71aa34ff4465f2d1ac26e2"

tslib@^1.2.0:
  version "1.6.0"
  resolved "https://registry.yarnpkg.com/tslib/-/tslib-1.6.0.tgz#cf36c93e02ae86a20fc131eae511162b869a6652"

typestyle@^0.21.4:
  version "0.21.4"
  resolved "https://registry.yarnpkg.com/typestyle/-/typestyle-0.21.4.tgz#f8cb7a32750787bd05b43e5ae74ee451ee2ddab1"
  dependencies:
    free-style "2.2.0"

ua-parser-js@^0.7.9:
  version "0.7.12"
  resolved "https://registry.yarnpkg.com/ua-parser-js/-/ua-parser-js-0.7.12.tgz#04c81a99bdd5dc52263ea29d24c6bf8d4818a4bb"

uc.micro@^1.0.1:
  version "1.0.3"
  resolved "https://registry.yarnpkg.com/uc.micro/-/uc.micro-1.0.3.tgz#7ed50d5e0f9a9fb0a573379259f2a77458d50192"

uid@0.0.2, uid@^0.0.2:
  version "0.0.2"
  resolved "https://registry.yarnpkg.com/uid/-/uid-0.0.2.tgz#5e4a5d4b78138b4f70f89fd3c76fc59aa9d2f103"

url-search-params@^0.6.1:
  version "0.6.1"
  resolved "https://registry.yarnpkg.com/url-search-params/-/url-search-params-0.6.1.tgz#3adb7858b807d56b81e7abf3b9dae4978c03f99d"

whatwg-fetch@>=0.10.0, whatwg-fetch@^1.0.0:
  version "1.1.1"
  resolved "https://registry.yarnpkg.com/whatwg-fetch/-/whatwg-fetch-1.1.1.tgz#ac3c9d39f320c6dce5339969d054ef43dd333319"
