# THIS IS AN AUTOGENERATED FILE. DO NOT EDIT THIS FILE DIRECTLY.
# yarn lockfile v1
ak-avatar@^2.1.0:
  version "2.3.5"
  resolved "https://registry.yarnpkg.com/ak-avatar/-/ak-avatar-2.3.5.tgz#a4bb5349a04aa3295bbc6a8a338d592fb62ddf9a"
  dependencies:
    akutil-common "^2.0.0"
    akutil-shared-styles "^33.1.0"
    babel-runtime "^6.11.6"
    classnames "^2.2.5"
    skatejs "^1.2.5"

akutil-common@^2.0.0:
  version "2.7.1"
  resolved "https://registry.yarnpkg.com/akutil-common/-/akutil-common-2.7.1.tgz#e683ea8c48ef2e7ddd6be9fa7f5850bf24e0e46f"
  dependencies:
    babel-runtime "^6.11.6"
    create-error "^0.3.1"
    jss "^5.4.0"
    jss-nested "^2.4.2"
    keycode "^2.1.2"

akutil-shared-styles@^33.1.0:
  version "33.12.2"
  resolved "https://registry.yarnpkg.com/akutil-shared-styles/-/akutil-shared-styles-33.12.2.tgz#65ac9792e41519455eda82843c2066a8347150c4"
  dependencies:
    babel-runtime "^6.11.6"

babel-runtime@^6.11.6:
  version "6.11.6"
  resolved "https://registry.yarnpkg.com/babel-runtime/-/babel-runtime-6.11.6.tgz#6db707fef2d49c49bfa3cb64efdb436b518b8222"
  dependencies:
    core-js "^2.4.0"
    regenerator-runtime "^0.9.5"

classnames@^2.2.5:
  version "2.2.5"
  resolved "https://registry.yarnpkg.com/classnames/-/classnames-2.2.5.tgz#fb3801d453467649ef3603c7d61a02bd129bde6d"

core-js@^2.4.0:
  version "2.4.1"
  resolved "https://registry.yarnpkg.com/core-js/-/core-js-2.4.1.tgz#4de911e667b0eae9124e34254b53aea6fc618d3e"

create-error@^0.3.1:
  version "0.3.1"
  resolved "https://registry.yarnpkg.com/create-error/-/create-error-0.3.1.tgz#69810245a629e654432bf04377360003a5351a23"

custom-event-polyfill@^0.3.0:
  version "0.3.0"
  resolved "https://registry.yarnpkg.com/custom-event-polyfill/-/custom-event-polyfill-0.3.0.tgz#99807839be62edb446b645832e0d80ead6fa1888"

incremental-dom@0.4.1:
  version "0.4.1"
  resolved "https://registry.yarnpkg.com/incremental-dom/-/incremental-dom-0.4.1.tgz#80eb151969bd52054dc29a4720c4e89abd103401"

is-browser@^2.0.1:
  version "2.0.1"
  resolved "https://registry.yarnpkg.com/is-browser/-/is-browser-2.0.1.tgz#8bf0baf799a9c62fd9de5bcee4cf3397c3e7529a"

js-tokens@^1.0.1:
  version "1.0.3"
  resolved "https://registry.yarnpkg.com/js-tokens/-/js-tokens-1.0.3.tgz#14e56eb68c8f1a92c43d59f5014ec29dc20f2ae1"

jss-nested@^2.4.2:
  version "2.4.3"
  resolved "https://registry.yarnpkg.com/jss-nested/-/jss-nested-2.4.3.tgz#c248b926a1be1009438bc05f50a4a88f4ec216da"
  dependencies:
    warning "^3.0.0"

jss@^5.4.0:
  version "5.5.5"
  resolved "https://registry.yarnpkg.com/jss/-/jss-5.5.5.tgz#5f7bc59106b5fba1664e3c44d59e07e711784003"
  dependencies:
    is-browser "^2.0.1"
    murmurhash-js "^1.0.0"
    warning "^3.0.0"

keycode@^2.1.2, keycode@^2.1.4:
  version "2.1.7"
  resolved "https://registry.yarnpkg.com/keycode/-/keycode-2.1.7.tgz#7b9255919f6cff562b09a064d222dca70b020f5c"

loose-envify@^1.0.0:
  version "1.2.0"
  resolved "https://registry.yarnpkg.com/loose-envify/-/loose-envify-1.2.0.tgz#69a65aad3de542cf4ee0f4fe74e8e33c709ccb0f"
  dependencies:
    js-tokens "^1.0.1"

murmurhash-js@^1.0.0:
  version "1.0.0"
  resolved "https://registry.yarnpkg.com/murmurhash-js/-/murmurhash-js-1.0.0.tgz#b06278e21fc6c37fa5313732b0412bcb6ae15f51"

regenerator-runtime@^0.9.5:
  version "0.9.5"
  resolved "https://registry.yarnpkg.com/regenerator-runtime/-/regenerator-runtime-0.9.5.tgz#403d6d40a4bdff9c330dd9392dcbb2d9a8bba1fc"

skatejs@^1.2.5:
  version "1.5.2"
  resolved "https://registry.yarnpkg.com/skatejs/-/skatejs-1.5.2.tgz#9c5b76f9179ee6044d0b73419865f3b3587839a1"
  dependencies:
    incremental-dom "0.4.1"

uid@^0.0.2:
  version "0.0.2"
  resolved "https://registry.yarnpkg.com/uid/-/uid-0.0.2.tgz#5e4a5d4b78138b4f70f89fd3c76fc59aa9d2f103"

warning@^3.0.0:
  version "3.0.0"
  resolved "https://registry.yarnpkg.com/warning/-/warning-3.0.0.tgz#32e5377cb572de4ab04753bdf8821c01ed605b7c"
  dependencies:
    loose-envify "^1.0.0"

