{
  "requires": true,
  "lockfileVersion": 1,
  "dependencies": {
    "@atlaskit/dropdown-menu": {
      "version": "1.10.1",
      "resolved": "https://registry.npmjs.org/@atlaskit/dropdown-menu/-/dropdown-menu-1.10.1.tgz",
      "integrity": "sha1-BIyU984kGSIQF4YLVEOEnW4X2Ug=",
      "requires": {
        "@atlaskit/button": "1.1.4",
        "@atlaskit/droplist": "3.9.0",
        "@atlaskit/icon": "6.6.0",
        "@atlaskit/util-shared-styles": "1.7.1",
        "babel-runtime": "6.26.0",
        "prop-types": "15.6.0",
        "styled-components": "1.4.6",
        "uid": "0.0.2"
      },
      "dependencies": {
        "@atlaskit/button": {
          "version": "1.1.4",
          "resolved": "https://registry.npmjs.org/@atlaskit/button/-/button-1.1.4.tgz",
          "integrity": "sha1-4pT+5t0CxbBcQPpttpZqijwSrUo=",
          "requires": {
            "@atlaskit/util-shared-styles": "2.10.4",
            "babel-runtime": "6.26.0",
            "classnames": "2.2.5",
            "styled-components": "1.4.6"
          },
          "dependencies": {
            "@atlaskit/util-shared-styles": {
              "version": "2.10.4",
              "resolved": "https://registry.npmjs.org/@atlaskit/util-shared-styles/-/util-shared-styles-2.10.4.tgz",
              "integrity": "sha1-7OKu48His7VKJJ7jAlavn/A+KXA=",
              "requires": {
                "babel-runtime": "6.26.0",
                "styled-components": "1.4.6"
              }
            }
          }
        },
        "@atlaskit/droplist": {
          "version": "3.9.0",
          "resolved": "https://registry.npmjs.org/@atlaskit/droplist/-/droplist-3.9.0.tgz",
          "integrity": "sha1-eo9fWVKAKkYYKIzOO3xHf4//y6I=",
          "requires": {
            "@atlaskit/icon": "6.6.0",
            "@atlaskit/layer": "2.5.6",
            "@atlaskit/spinner": "2.2.5",
            "@atlaskit/tooltip": "1.2.1",
            "@atlaskit/util-shared-styles": "1.7.1",
            "babel-runtime": "6.26.0",
            "classnames": "2.2.5",
            "keycode": "2.1.9",
            "prop-types": "15.6.0",
            "styled-components": "1.4.6"
          }
        },
        "@atlaskit/layer": {
          "version": "2.5.6",
          "resolved": "https://registry.npmjs.org/@atlaskit/layer/-/layer-2.5.6.tgz",
          "integrity": "sha1-s37f89ueCVjfaDT+YYzQa3JVSOY=",
          "requires": {
            "@atlaskit/util-shared-styles": "2.10.4",
            "babel-runtime": "6.26.0",
            "popper.js": "1.0.8",
            "prop-types": "15.6.0",
            "styled-components": "1.4.6"
          },
          "dependencies": {
            "@atlaskit/util-shared-styles": {
              "version": "2.10.4",
              "resolved": "https://registry.npmjs.org/@atlaskit/util-shared-styles/-/util-shared-styles-2.10.4.tgz",
              "integrity": "sha1-7OKu48His7VKJJ7jAlavn/A+KXA=",
              "requires": {
                "babel-runtime": "6.26.0",
                "styled-components": "1.4.6"
              }
            }
          }
        },
        "@atlaskit/spinner": {
          "version": "2.2.5",
          "resolved": "https://registry.npmjs.org/@atlaskit/spinner/-/spinner-2.2.5.tgz",
          "integrity": "sha1-px3ElIB6vlGnfxvsJXAjPkR1JAQ=",
          "requires": {
            "@atlaskit/util-shared-styles": "2.10.4",
            "babel-runtime": "6.26.0",
            "prop-types": "15.6.0",
            "styled-components": "1.4.6"
          },
          "dependencies": {
            "@atlaskit/util-shared-styles": {
              "version": "2.10.4",
              "resolved": "https://registry.npmjs.org/@atlaskit/util-shared-styles/-/util-shared-styles-2.10.4.tgz",
              "integrity": "sha1-7OKu48His7VKJJ7jAlavn/A+KXA=",
              "requires": {
                "babel-runtime": "6.26.0",
                "styled-components": "1.4.6"
              }
            }
          }
        },
        "@atlaskit/tooltip": {
          "version": "1.2.1",
          "resolved": "https://registry.npmjs.org/@atlaskit/tooltip/-/tooltip-1.2.1.tgz",
          "integrity": "sha1-RZq5YB8xtOoOjG9XIvUe/Mkw2HU=",
          "requires": {
            "@atlaskit/layer": "2.5.6",
            "@atlaskit/util-shared-styles": "1.7.1",
            "babel-runtime": "6.26.0",
            "prop-types": "15.6.0",
            "styled-components": "1.4.6"
          }
        },
        "@atlaskit/util-shared-styles": {
          "version": "1.7.1",
          "resolved": "https://registry.npmjs.org/@atlaskit/util-shared-styles/-/util-shared-styles-1.7.1.tgz",
          "integrity": "sha1-CDLLbMF5dDHEzPZ9F4qkES3zBeI=",
          "requires": {
            "babel-runtime": "6.26.0"
          }
        },
        "asap": {
          "version": "2.0.6",
          "resolved": "https://registry.npmjs.org/asap/-/asap-2.0.6.tgz",
          "integrity": "sha1-5QNHYR1+aQlDIIu9r+vLwvuGbUY="
        },
        "babel-runtime": {
          "version": "6.26.0",
          "resolved": "https://registry.npmjs.org/babel-runtime/-/babel-runtime-6.26.0.tgz",
          "integrity": "sha1-llxwWGaOgrVde/4E/yM3vItWR/4=",
          "requires": {
            "core-js": "2.5.1",
            "regenerator-runtime": "0.11.0"
          }
        },
        "classnames": {
          "version": "2.2.5",
          "resolved": "https://registry.npmjs.org/classnames/-/classnames-2.2.5.tgz",
          "integrity": "sha1-+zgB1FNGdknvNgPH1hoCvRKb3m0="
        },
        "core-js": {
          "version": "2.5.1",
          "resolved": "https://registry.npmjs.org/core-js/-/core-js-2.5.1.tgz",
          "integrity": "sha1-rmh03GaTd4m4B1T/VCjfZoGcpQs="
        },
        "encoding": {
          "version": "0.1.12",
          "resolved": "https://registry.npmjs.org/encoding/-/encoding-0.1.12.tgz",
          "integrity": "sha1-U4tm8+5izRq1HsMjgp0flIDHS+s=",
          "requires": {
            "iconv-lite": "0.4.19"
          }
        },
        "fbjs": {
          "version": "0.8.16",
          "resolved": "https://registry.npmjs.org/fbjs/-/fbjs-0.8.16.tgz",
          "integrity": "sha1-XmdDL1UNxBtXK/VYR7ispk5TN9s=",
          "requires": {
            "core-js": "1.2.7",
            "isomorphic-fetch": "2.2.1",
            "loose-envify": "1.3.1",
            "object-assign": "4.1.1",
            "promise": "7.3.1",
            "setimmediate": "1.0.5",
            "ua-parser-js": "0.7.17"
          },
          "dependencies": {
            "core-js": {
              "version": "1.2.7",
              "resolved": "https://registry.npmjs.org/core-js/-/core-js-1.2.7.tgz",
              "integrity": "sha1-ZSKUwUZR2yj6k70tX/KYOk8IxjY="
            }
          }
        },
        "iconv-lite": {
          "version": "0.4.19",
          "resolved": "https://registry.npmjs.org/iconv-lite/-/iconv-lite-0.4.19.tgz",
          "integrity": "sha512-oTZqweIP51xaGPI4uPa56/Pri/480R+mo7SeU+YETByQNhDG55ycFyNLIgta9vXhILrxXDmF7ZGhqZIcuN0gJQ=="
        },
        "is-stream": {
          "version": "1.1.0",
          "resolved": "https://registry.npmjs.org/is-stream/-/is-stream-1.1.0.tgz",
          "integrity": "sha1-EtSj3U5o4Lec6428hBc66A2RykQ="
        },
        "isomorphic-fetch": {
          "version": "2.2.1",
          "resolved": "https://registry.npmjs.org/isomorphic-fetch/-/isomorphic-fetch-2.2.1.tgz",
          "integrity": "sha1-YRrhrPFPXoH3KVB0coGf6XM1WKk=",
          "requires": {
            "node-fetch": "1.7.3",
            "whatwg-fetch": "2.0.3"
          }
        },
        "js-tokens": {
          "version": "3.0.2",
          "resolved": "https://registry.npmjs.org/js-tokens/-/js-tokens-3.0.2.tgz",
          "integrity": "sha1-mGbfOVECEw449/mWvOtlRDIJwls="
        },
        "keycode": {
          "version": "2.1.9",
          "resolved": "https://registry.npmjs.org/keycode/-/keycode-2.1.9.tgz",
          "integrity": "sha1-lkojxU5IiUBbSGGlyfBIDUUUHfo="
        },
        "loose-envify": {
          "version": "1.3.1",
          "resolved": "https://registry.npmjs.org/loose-envify/-/loose-envify-1.3.1.tgz",
          "integrity": "sha1-0aitM/qc4OcT1l/dCsi3SNR4yEg=",
          "requires": {
            "js-tokens": "3.0.2"
          }
        },
        "node-fetch": {
          "version": "1.7.3",
          "resolved": "https://registry.npmjs.org/node-fetch/-/node-fetch-1.7.3.tgz",
          "integrity": "sha512-NhZ4CsKx7cYm2vSrBAr2PvFOe6sWDf0UYLRqA6svUYg7+/TSfVAu49jYC4BvQ4Sms9SZgdqGBgroqfDhJdTyKQ==",
          "requires": {
            "encoding": "0.1.12",
            "is-stream": "1.1.0"
          }
        },
        "object-assign": {
          "version": "4.1.1",
          "resolved": "https://registry.npmjs.org/object-assign/-/object-assign-4.1.1.tgz",
          "integrity": "sha1-IQmtx5ZYh8/AXLvUQsrIv7s2CGM="
        },
        "popper.js": {
          "version": "1.0.8",
          "resolved": "https://registry.npmjs.org/popper.js/-/popper.js-1.0.8.tgz",
          "integrity": "sha1-BcLLNP33ivmeszM3YFoThPuv+jI="
        },
        "promise": {
          "version": "7.3.1",
          "resolved": "https://registry.npmjs.org/promise/-/promise-7.3.1.tgz",
          "integrity": "sha512-nolQXZ/4L+bP/UGlkfaIujX9BKxGwmQ9OT4mOt5yvy8iK1h3wqTEJCijzGANTCCl9nWjY41juyAn2K3Q1hLLTg==",
          "requires": {
            "asap": "2.0.6"
          }
        },
        "prop-types": {
          "version": "15.6.0",
          "resolved": "https://registry.npmjs.org/prop-types/-/prop-types-15.6.0.tgz",
          "integrity": "sha1-zq8IMCL8RrSjX2nhPvda7Q1jmFY=",
          "requires": {
            "fbjs": "0.8.16",
            "loose-envify": "1.3.1",
            "object-assign": "4.1.1"
          }
        },
        "regenerator-runtime": {
          "version": "0.11.0",
          "resolved": "https://registry.npmjs.org/regenerator-runtime/-/regenerator-runtime-0.11.0.tgz",
          "integrity": "sha512-/aA0kLeRb5N9K0d4fw7ooEbI+xDe+DKD499EQqygGqeS8N3xto15p09uY2xj7ixP81sNPXvRLnAQIqdVStgb1A=="
        },
        "setimmediate": {
          "version": "1.0.5",
          "resolved": "https://registry.npmjs.org/setimmediate/-/setimmediate-1.0.5.tgz",
          "integrity": "sha1-KQy7Iy4waULX1+qbg3Mqt4VvgoU="
        },
        "ua-parser-js": {
          "version": "0.7.17",
          "resolved": "https://registry.npmjs.org/ua-parser-js/-/ua-parser-js-0.7.17.tgz",
          "integrity": "sha512-uRdSdu1oA1rncCQL7sCj8vSyZkgtL7faaw9Tc9rZ3mGgraQ7+Pdx7w5mnOSF3gw9ZNG6oc+KXfkon3bKuROm0g=="
        },
        "uid": {
          "version": "0.0.2",
          "resolved": "https://registry.npmjs.org/uid/-/uid-0.0.2.tgz",
          "integrity": "sha1-XkpdS3gTi09w+J/Tx2/FmqnS8QM="
        },
        "whatwg-fetch": {
          "version": "2.0.3",
          "resolved": "https://registry.npmjs.org/whatwg-fetch/-/whatwg-fetch-2.0.3.tgz",
          "integrity": "sha1-nITsLc9oGH/wC8ZOEnS0QhduHIQ="
        }
      }
    },
    "@atlaskit/emoji": {
      "version": "29.1.1",
      "resolved": "https://registry.npmjs.org/@atlaskit/emoji/-/emoji-29.1.1.tgz",
      "integrity": "sha1-CFDJn+ZgLfD+NDQ4d2hHb9mX0fY=",
      "requires": {
        "@atlaskit/button": "1.1.4",
        "@atlaskit/field-base": "5.4.2",
        "@atlaskit/icon": "9.0.1",
        "@atlaskit/layer": "2.5.6",
        "@atlaskit/spinner": "2.2.5",
        "@atlaskit/tooltip": "6.2.1",
        "@atlaskit/util-common": "1.5.2",
        "@atlaskit/util-service-support": "2.0.2",
        "@atlaskit/util-shared-styles": "2.10.4",
        "babel-runtime": "6.26.0",
        "classnames": "2.2.5",
        "js-search": "1.4.2",
        "lru-fast": "0.2.2",
        "mediapicker": "7.0.5",
        "react-virtualized": "9.12.0",
        "tslib": "1.8.0",
        "typestyle": "1.4.4",
        "uid": "0.0.2",
        "url": "0.11.0",
        "xregexp": "3.2.0"
      },
      "dependencies": {
        "@atlaskit/button": {
          "version": "1.1.4",
          "resolved": "https://registry.npmjs.org/@atlaskit/button/-/button-1.1.4.tgz",
          "integrity": "sha1-4pT+5t0CxbBcQPpttpZqijwSrUo=",
          "requires": {
            "@atlaskit/util-shared-styles": "2.10.4",
            "babel-runtime": "6.26.0",
            "classnames": "2.2.5",
            "styled-components": "1.4.6"
          }
        },
        "@atlaskit/field-base": {
          "version": "5.4.2",
          "resolved": "https://registry.npmjs.org/@atlaskit/field-base/-/field-base-5.4.2.tgz",
          "integrity": "sha1-GJg0slXuQqRWL2rpOpIZYPCLKBE=",
          "requires": {
            "@atlaskit/icon": "6.6.0",
            "@atlaskit/inline-dialog": "3.6.2",
            "@atlaskit/spinner": "1.0.5",
            "@atlaskit/util-shared-styles": "1.7.1",
            "babel-runtime": "6.26.0",
            "classnames": "2.2.5",
            "styled-components": "1.4.6"
          },
          "dependencies": {
            "@atlaskit/icon": {
              "version": "6.6.0",
              "resolved": "https://registry.npmjs.org/@atlaskit/icon/-/icon-6.6.0.tgz",
              "integrity": "sha1-dwx+DE+k/xJgmb/C99j3DZ5gOQA=",
              "requires": {
                "babel-runtime": "6.26.0",
                "classnames": "2.2.5",
                "create-error": "0.3.1",
                "prop-types": "15.6.0",
                "styled-components": "1.4.6"
              }
            },
            "@atlaskit/spinner": {
              "version": "1.0.5",
              "resolved": "https://registry.npmjs.org/@atlaskit/spinner/-/spinner-1.0.5.tgz",
              "integrity": "sha1-HlDhHvsMw17kITWwGwbX2P5zDeo=",
              "requires": {
                "babel-runtime": "6.26.0",
                "classnames": "2.2.5"
              }
            },
            "@atlaskit/util-shared-styles": {
              "version": "1.7.1",
              "resolved": "https://registry.npmjs.org/@atlaskit/util-shared-styles/-/util-shared-styles-1.7.1.tgz",
              "integrity": "sha1-CDLLbMF5dDHEzPZ9F4qkES3zBeI=",
              "requires": {
                "babel-runtime": "6.26.0"
              }
            }
          }
        },
        "@atlaskit/icon": {
          "version": "9.0.1",
          "resolved": "https://registry.npmjs.org/@atlaskit/icon/-/icon-9.0.1.tgz",
          "integrity": "sha1-iqQibdlbhenuK8eZM17l6rmp7p0=",
          "requires": {
            "babel-runtime": "6.26.0",
            "prop-types": "15.6.0",
            "styled-components": "1.4.6"
          }
        },
        "@atlaskit/inline-dialog": {
          "version": "3.6.2",
          "resolved": "https://registry.npmjs.org/@atlaskit/inline-dialog/-/inline-dialog-3.6.2.tgz",
          "integrity": "sha1-/1mCyesSb0QZDEwQ9fPHOuqKutk=",
          "requires": {
            "@atlaskit/layer": "2.5.6",
            "@atlaskit/util-shared-styles": "2.10.4",
            "babel-runtime": "6.26.0",
            "prop-types": "15.6.0",
            "styled-components": "1.4.6"
          }
        },
        "@atlaskit/layer": {
          "version": "2.5.6",
          "resolved": "https://registry.npmjs.org/@atlaskit/layer/-/layer-2.5.6.tgz",
          "integrity": "sha1-s37f89ueCVjfaDT+YYzQa3JVSOY=",
          "requires": {
            "@atlaskit/util-shared-styles": "2.10.4",
            "babel-runtime": "6.26.0",
            "popper.js": "1.0.8",
            "prop-types": "15.6.0",
            "styled-components": "1.4.6"
          }
        },
        "@atlaskit/spinner": {
          "version": "2.2.5",
          "resolved": "https://registry.npmjs.org/@atlaskit/spinner/-/spinner-2.2.5.tgz",
          "integrity": "sha1-px3ElIB6vlGnfxvsJXAjPkR1JAQ=",
          "requires": {
            "@atlaskit/util-shared-styles": "2.10.4",
            "babel-runtime": "6.26.0",
            "prop-types": "15.6.0",
            "styled-components": "1.4.6"
          }
        },
        "@atlaskit/theme": {
          "version": "2.2.1",
          "resolved": "https://registry.npmjs.org/@atlaskit/theme/-/theme-2.2.1.tgz",
          "integrity": "sha1-cJ/BtDxeEiacwvveT5umtmkUP7g=",
          "requires": {
            "@atlaskit/util-shared-styles": "2.10.4",
            "prop-types": "15.6.0",
            "styled-components": "1.4.6"
          }
        },
        "@atlaskit/tooltip": {
          "version": "6.2.1",
          "resolved": "https://registry.npmjs.org/@atlaskit/tooltip/-/tooltip-6.2.1.tgz",
          "integrity": "sha1-2IlPdaTz89vb6q4qGMoX4pneDR0=",
          "requires": {
            "@atlaskit/layer": "2.5.6",
            "@atlaskit/theme": "2.2.1",
            "@atlaskit/util-shared-styles": "2.10.4",
            "babel-runtime": "6.26.0",
            "prop-types": "15.6.0",
            "styled-components": "1.4.6"
          }
        },
        "@atlaskit/util-common": {
          "version": "1.5.2",
          "resolved": "https://registry.npmjs.org/@atlaskit/util-common/-/util-common-1.5.2.tgz",
          "integrity": "sha1-rp6WxUCqJRfKkiVCMzrCTrNHPLw=",
          "requires": {
            "babel-runtime": "6.26.0",
            "create-error": "0.3.1",
            "keycode": "2.1.9"
          }
        },
        "@atlaskit/util-service-support": {
          "version": "2.0.2",
          "resolved": "https://registry.npmjs.org/@atlaskit/util-service-support/-/util-service-support-2.0.2.tgz",
          "integrity": "sha1-UXPgrzW8i1SZvOWgYCLJfp6zuvE=",
          "requires": {
            "tslib": "1.8.0",
            "url": "0.11.0"
          }
        },
        "@atlaskit/util-shared-styles": {
          "version": "2.10.4",
          "resolved": "https://registry.npmjs.org/@atlaskit/util-shared-styles/-/util-shared-styles-2.10.4.tgz",
          "integrity": "sha1-7OKu48His7VKJJ7jAlavn/A+KXA=",
          "requires": {
            "babel-runtime": "6.26.0",
            "styled-components": "1.4.6"
          }
        },
        "asap": {
          "version": "2.0.6",
          "resolved": "https://registry.npmjs.org/asap/-/asap-2.0.6.tgz",
          "integrity": "sha1-5QNHYR1+aQlDIIu9r+vLwvuGbUY="
        },
        "babel-runtime": {
          "version": "6.26.0",
          "resolved": "https://registry.npmjs.org/babel-runtime/-/babel-runtime-6.26.0.tgz",
          "integrity": "sha1-llxwWGaOgrVde/4E/yM3vItWR/4=",
          "requires": {
            "core-js": "2.5.1",
            "regenerator-runtime": "0.11.0"
          }
        },
        "classnames": {
          "version": "2.2.5",
          "resolved": "https://registry.npmjs.org/classnames/-/classnames-2.2.5.tgz",
          "integrity": "sha1-+zgB1FNGdknvNgPH1hoCvRKb3m0="
        },
        "core-js": {
          "version": "2.5.1",
          "resolved": "https://registry.npmjs.org/core-js/-/core-js-2.5.1.tgz",
          "integrity": "sha1-rmh03GaTd4m4B1T/VCjfZoGcpQs="
        },
        "create-error": {
          "version": "0.3.1",
          "resolved": "https://registry.npmjs.org/create-error/-/create-error-0.3.1.tgz",
          "integrity": "sha1-aYECRaYp5lRDK/BDdzYAA6U1GiM="
        },
        "dom-helpers": {
          "version": "3.2.1",
          "resolved": "https://registry.npmjs.org/dom-helpers/-/dom-helpers-3.2.1.tgz",
          "integrity": "sha1-MgPgf+0he9H0JLAZc1WC/Deyglo="
        },
        "encoding": {
          "version": "0.1.12",
          "resolved": "https://registry.npmjs.org/encoding/-/encoding-0.1.12.tgz",
          "integrity": "sha1-U4tm8+5izRq1HsMjgp0flIDHS+s=",
          "requires": {
            "iconv-lite": "0.4.19"
          }
        },
        "fbjs": {
          "version": "0.8.16",
          "resolved": "https://registry.npmjs.org/fbjs/-/fbjs-0.8.16.tgz",
          "integrity": "sha1-XmdDL1UNxBtXK/VYR7ispk5TN9s=",
          "requires": {
            "core-js": "1.2.7",
            "isomorphic-fetch": "2.2.1",
            "loose-envify": "1.3.1",
            "object-assign": "4.1.1",
            "promise": "7.3.1",
            "setimmediate": "1.0.5",
            "ua-parser-js": "0.7.17"
          },
          "dependencies": {
            "core-js": {
              "version": "1.2.7",
              "resolved": "https://registry.npmjs.org/core-js/-/core-js-1.2.7.tgz",
              "integrity": "sha1-ZSKUwUZR2yj6k70tX/KYOk8IxjY="
            }
          }
        },
        "free-style": {
          "version": "2.4.1",
          "resolved": "https://registry.npmjs.org/free-style/-/free-style-2.4.1.tgz",
          "integrity": "sha512-MvYHzGTpNbEdESMD0Luj3GOf5PEfnl+jIpkss1C3nexFzvAnDO6GSS8PILvIErg5Cr8vwKH+1C9+q8ruLue41Q=="
        },
        "iconv-lite": {
          "version": "0.4.19",
          "resolved": "https://registry.npmjs.org/iconv-lite/-/iconv-lite-0.4.19.tgz",
          "integrity": "sha512-oTZqweIP51xaGPI4uPa56/Pri/480R+mo7SeU+YETByQNhDG55ycFyNLIgta9vXhILrxXDmF7ZGhqZIcuN0gJQ=="
        },
        "is-stream": {
          "version": "1.1.0",
          "resolved": "https://registry.npmjs.org/is-stream/-/is-stream-1.1.0.tgz",
          "integrity": "sha1-EtSj3U5o4Lec6428hBc66A2RykQ="
        },
        "isomorphic-fetch": {
          "version": "2.2.1",
          "resolved": "https://registry.npmjs.org/isomorphic-fetch/-/isomorphic-fetch-2.2.1.tgz",
          "integrity": "sha1-YRrhrPFPXoH3KVB0coGf6XM1WKk=",
          "requires": {
            "node-fetch": "1.7.3",
            "whatwg-fetch": "2.0.3"
          }
        },
        "js-tokens": {
          "version": "3.0.2",
          "resolved": "https://registry.npmjs.org/js-tokens/-/js-tokens-3.0.2.tgz",
          "integrity": "sha1-mGbfOVECEw449/mWvOtlRDIJwls="
        },
        "keycode": {
          "version": "2.1.9",
          "resolved": "https://registry.npmjs.org/keycode/-/keycode-2.1.9.tgz",
          "integrity": "sha1-lkojxU5IiUBbSGGlyfBIDUUUHfo="
        },
        "loose-envify": {
          "version": "1.3.1",
          "resolved": "https://registry.npmjs.org/loose-envify/-/loose-envify-1.3.1.tgz",
          "integrity": "sha1-0aitM/qc4OcT1l/dCsi3SNR4yEg=",
          "requires": {
            "js-tokens": "3.0.2"
          }
        },
        "lru-fast": {
          "version": "0.2.2",
          "resolved": "https://registry.npmjs.org/lru-fast/-/lru-fast-0.2.2.tgz",
          "integrity": "sha1-MMIzMEzdm2lLdRQdiXxS1NQTeWw="
        },
        "mediapicker": {
          "version": "7.0.5",
          "resolved": "https://registry.npmjs.org/mediapicker/-/mediapicker-7.0.5.tgz",
          "integrity": "sha512-vBKj9VKg3nIWScRfIU9OK0kdNtqayelG1kQsUn5Xr5I0x3lidgsYsoI33p+e/0KqIQKawFUWKwoDwRXrfZ/2Vg=="
        },
        "node-fetch": {
          "version": "1.7.3",
          "resolved": "https://registry.npmjs.org/node-fetch/-/node-fetch-1.7.3.tgz",
          "integrity": "sha512-NhZ4CsKx7cYm2vSrBAr2PvFOe6sWDf0UYLRqA6svUYg7+/TSfVAu49jYC4BvQ4Sms9SZgdqGBgroqfDhJdTyKQ==",
          "requires": {
            "encoding": "0.1.12",
            "is-stream": "1.1.0"
          }
        },
        "object-assign": {
          "version": "4.1.1",
          "resolved": "https://registry.npmjs.org/object-assign/-/object-assign-4.1.1.tgz",
          "integrity": "sha1-IQmtx5ZYh8/AXLvUQsrIv7s2CGM="
        },
        "popper.js": {
          "version": "1.0.8",
          "resolved": "https://registry.npmjs.org/popper.js/-/popper.js-1.0.8.tgz",
          "integrity": "sha1-BcLLNP33ivmeszM3YFoThPuv+jI="
        },
        "promise": {
          "version": "7.3.1",
          "resolved": "https://registry.npmjs.org/promise/-/promise-7.3.1.tgz",
          "integrity": "sha512-nolQXZ/4L+bP/UGlkfaIujX9BKxGwmQ9OT4mOt5yvy8iK1h3wqTEJCijzGANTCCl9nWjY41juyAn2K3Q1hLLTg==",
          "requires": {
            "asap": "2.0.6"
          }
        },
        "prop-types": {
          "version": "15.6.0",
          "resolved": "https://registry.npmjs.org/prop-types/-/prop-types-15.6.0.tgz",
          "integrity": "sha1-zq8IMCL8RrSjX2nhPvda7Q1jmFY=",
          "requires": {
            "fbjs": "0.8.16",
            "loose-envify": "1.3.1",
            "object-assign": "4.1.1"
          }
        },
        "punycode": {
          "version": "1.3.2",
          "resolved": "https://registry.npmjs.org/punycode/-/punycode-1.3.2.tgz",
          "integrity": "sha1-llOgNvt8HuQjQvIyXM7v6jkmxI0="
        },
        "querystring": {
          "version": "0.2.0",
          "resolved": "https://registry.npmjs.org/querystring/-/querystring-0.2.0.tgz",
          "integrity": "sha1-sgmEkgO7Jd+CDadW50cAWHhSFiA="
        },
        "react-virtualized": {
          "version": "9.12.0",
          "resolved": "https://registry.npmjs.org/react-virtualized/-/react-virtualized-9.12.0.tgz",
          "integrity": "sha512-QxqGUq7vktRsPnV/FclAGQ943rIYizTe9RIuyJGE75/3BA/7KJPXwXCQ9XW/3pnPKix+Jar0CCo3uTqoA4hFOg==",
          "requires": {
            "babel-runtime": "6.26.0",
            "classnames": "2.2.5",
            "dom-helpers": "3.2.1",
            "loose-envify": "1.3.1",
            "prop-types": "15.6.0"
          }
        },
        "regenerator-runtime": {
          "version": "0.11.0",
          "resolved": "https://registry.npmjs.org/regenerator-runtime/-/regenerator-runtime-0.11.0.tgz",
          "integrity": "sha512-/aA0kLeRb5N9K0d4fw7ooEbI+xDe+DKD499EQqygGqeS8N3xto15p09uY2xj7ixP81sNPXvRLnAQIqdVStgb1A=="
        },
        "setimmediate": {
          "version": "1.0.5",
          "resolved": "https://registry.npmjs.org/setimmediate/-/setimmediate-1.0.5.tgz",
          "integrity": "sha1-KQy7Iy4waULX1+qbg3Mqt4VvgoU="
        },
        "typestyle": {
          "version": "1.4.4",
          "resolved": "https://registry.npmjs.org/typestyle/-/typestyle-1.4.4.tgz",
          "integrity": "sha512-GbEK+/fYtkN3SNwMoahwAZbBm2fV33BPTaYhUPkDKQTobVLGSdeXwtmZNIpYzr0IXTGTJ0SQRu4QSFywrQLPjg==",
          "requires": {
            "free-style": "2.4.1"
          }
        },
        "ua-parser-js": {
          "version": "0.7.17",
          "resolved": "https://registry.npmjs.org/ua-parser-js/-/ua-parser-js-0.7.17.tgz",
          "integrity": "sha512-uRdSdu1oA1rncCQL7sCj8vSyZkgtL7faaw9Tc9rZ3mGgraQ7+Pdx7w5mnOSF3gw9ZNG6oc+KXfkon3bKuROm0g=="
        },
        "uid": {
          "version": "0.0.2",
          "resolved": "https://registry.npmjs.org/uid/-/uid-0.0.2.tgz",
          "integrity": "sha1-XkpdS3gTi09w+J/Tx2/FmqnS8QM="
        },
        "url": {
          "version": "0.11.0",
          "resolved": "https://registry.npmjs.org/url/-/url-0.11.0.tgz",
          "integrity": "sha1-ODjpfPxgUh63PFJajlW/3Z4uKPE=",
          "requires": {
            "punycode": "1.3.2",
            "querystring": "0.2.0"
          }
        },
        "whatwg-fetch": {
          "version": "2.0.3",
          "resolved": "https://registry.npmjs.org/whatwg-fetch/-/whatwg-fetch-2.0.3.tgz",
          "integrity": "sha1-nITsLc9oGH/wC8ZOEnS0QhduHIQ="
        },
        "xregexp": {
          "version": "3.2.0",
          "resolved": "https://registry.npmjs.org/xregexp/-/xregexp-3.2.0.tgz",
          "integrity": "sha1-yzYBmHv+JpW1hAAMGPHEqMMih44="
        }
      }
    },
    "@atlaskit/icon": {
      "version": "6.6.0",
      "resolved": "https://registry.npmjs.org/@atlaskit/icon/-/icon-6.6.0.tgz",
      "integrity": "sha1-dwx+DE+k/xJgmb/C99j3DZ5gOQA=",
      "requires": {
        "babel-runtime": "6.26.0",
        "classnames": "2.2.5",
        "create-error": "0.3.1",
        "prop-types": "15.6.0",
        "styled-components": "1.4.6"
      },
      "dependencies": {
        "asap": {
          "version": "2.0.6",
          "resolved": "https://registry.npmjs.org/asap/-/asap-2.0.6.tgz",
          "integrity": "sha1-5QNHYR1+aQlDIIu9r+vLwvuGbUY="
        },
        "babel-runtime": {
          "version": "6.26.0",
          "resolved": "https://registry.npmjs.org/babel-runtime/-/babel-runtime-6.26.0.tgz",
          "integrity": "sha1-llxwWGaOgrVde/4E/yM3vItWR/4=",
          "requires": {
            "core-js": "2.5.1",
            "regenerator-runtime": "0.11.0"
          }
        },
        "classnames": {
          "version": "2.2.5",
          "resolved": "https://registry.npmjs.org/classnames/-/classnames-2.2.5.tgz",
          "integrity": "sha1-+zgB1FNGdknvNgPH1hoCvRKb3m0="
        },
        "core-js": {
          "version": "2.5.1",
          "resolved": "https://registry.npmjs.org/core-js/-/core-js-2.5.1.tgz",
          "integrity": "sha1-rmh03GaTd4m4B1T/VCjfZoGcpQs="
        },
        "create-error": {
          "version": "0.3.1",
          "resolved": "https://registry.npmjs.org/create-error/-/create-error-0.3.1.tgz",
          "integrity": "sha1-aYECRaYp5lRDK/BDdzYAA6U1GiM="
        },
        "encoding": {
          "version": "0.1.12",
          "resolved": "https://registry.npmjs.org/encoding/-/encoding-0.1.12.tgz",
          "integrity": "sha1-U4tm8+5izRq1HsMjgp0flIDHS+s=",
          "requires": {
            "iconv-lite": "0.4.19"
          }
        },
        "fbjs": {
          "version": "0.8.16",
          "resolved": "https://registry.npmjs.org/fbjs/-/fbjs-0.8.16.tgz",
          "integrity": "sha1-XmdDL1UNxBtXK/VYR7ispk5TN9s=",
          "requires": {
            "core-js": "1.2.7",
            "isomorphic-fetch": "2.2.1",
            "loose-envify": "1.3.1",
            "object-assign": "4.1.1",
            "promise": "7.3.1",
            "setimmediate": "1.0.5",
            "ua-parser-js": "0.7.17"
          },
          "dependencies": {
            "core-js": {
              "version": "1.2.7",
              "resolved": "https://registry.npmjs.org/core-js/-/core-js-1.2.7.tgz",
              "integrity": "sha1-ZSKUwUZR2yj6k70tX/KYOk8IxjY="
            }
          }
        },
        "iconv-lite": {
          "version": "0.4.19",
          "resolved": "https://registry.npmjs.org/iconv-lite/-/iconv-lite-0.4.19.tgz",
          "integrity": "sha512-oTZqweIP51xaGPI4uPa56/Pri/480R+mo7SeU+YETByQNhDG55ycFyNLIgta9vXhILrxXDmF7ZGhqZIcuN0gJQ=="
        },
        "is-stream": {
          "version": "1.1.0",
          "resolved": "https://registry.npmjs.org/is-stream/-/is-stream-1.1.0.tgz",
          "integrity": "sha1-EtSj3U5o4Lec6428hBc66A2RykQ="
        },
        "isomorphic-fetch": {
          "version": "2.2.1",
          "resolved": "https://registry.npmjs.org/isomorphic-fetch/-/isomorphic-fetch-2.2.1.tgz",
          "integrity": "sha1-YRrhrPFPXoH3KVB0coGf6XM1WKk=",
          "requires": {
            "node-fetch": "1.7.3",
            "whatwg-fetch": "2.0.3"
          }
        },
        "js-tokens": {
          "version": "3.0.2",
          "resolved": "https://registry.npmjs.org/js-tokens/-/js-tokens-3.0.2.tgz",
          "integrity": "sha1-mGbfOVECEw449/mWvOtlRDIJwls="
        },
        "loose-envify": {
          "version": "1.3.1",
          "resolved": "https://registry.npmjs.org/loose-envify/-/loose-envify-1.3.1.tgz",
          "integrity": "sha1-0aitM/qc4OcT1l/dCsi3SNR4yEg=",
          "requires": {
            "js-tokens": "3.0.2"
          }
        },
        "node-fetch": {
          "version": "1.7.3",
          "resolved": "https://registry.npmjs.org/node-fetch/-/node-fetch-1.7.3.tgz",
          "integrity": "sha512-NhZ4CsKx7cYm2vSrBAr2PvFOe6sWDf0UYLRqA6svUYg7+/TSfVAu49jYC4BvQ4Sms9SZgdqGBgroqfDhJdTyKQ==",
          "requires": {
            "encoding": "0.1.12",
            "is-stream": "1.1.0"
          }
        },
        "object-assign": {
          "version": "4.1.1",
          "resolved": "https://registry.npmjs.org/object-assign/-/object-assign-4.1.1.tgz",
          "integrity": "sha1-IQmtx5ZYh8/AXLvUQsrIv7s2CGM="
        },
        "promise": {
          "version": "7.3.1",
          "resolved": "https://registry.npmjs.org/promise/-/promise-7.3.1.tgz",
          "integrity": "sha512-nolQXZ/4L+bP/UGlkfaIujX9BKxGwmQ9OT4mOt5yvy8iK1h3wqTEJCijzGANTCCl9nWjY41juyAn2K3Q1hLLTg==",
          "requires": {
            "asap": "2.0.6"
          }
        },
        "prop-types": {
          "version": "15.6.0",
          "resolved": "https://registry.npmjs.org/prop-types/-/prop-types-15.6.0.tgz",
          "integrity": "sha1-zq8IMCL8RrSjX2nhPvda7Q1jmFY=",
          "requires": {
            "fbjs": "0.8.16",
            "loose-envify": "1.3.1",
            "object-assign": "4.1.1"
          }
        },
        "regenerator-runtime": {
          "version": "0.11.0",
          "resolved": "https://registry.npmjs.org/regenerator-runtime/-/regenerator-runtime-0.11.0.tgz",
          "integrity": "sha512-/aA0kLeRb5N9K0d4fw7ooEbI+xDe+DKD499EQqygGqeS8N3xto15p09uY2xj7ixP81sNPXvRLnAQIqdVStgb1A=="
        },
        "setimmediate": {
          "version": "1.0.5",
          "resolved": "https://registry.npmjs.org/setimmediate/-/setimmediate-1.0.5.tgz",
          "integrity": "sha1-KQy7Iy4waULX1+qbg3Mqt4VvgoU="
        },
        "ua-parser-js": {
          "version": "0.7.17",
          "resolved": "https://registry.npmjs.org/ua-parser-js/-/ua-parser-js-0.7.17.tgz",
          "integrity": "sha512-uRdSdu1oA1rncCQL7sCj8vSyZkgtL7faaw9Tc9rZ3mGgraQ7+Pdx7w5mnOSF3gw9ZNG6oc+KXfkon3bKuROm0g=="
        },
        "whatwg-fetch": {
          "version": "2.0.3",
          "resolved": "https://registry.npmjs.org/whatwg-fetch/-/whatwg-fetch-2.0.3.tgz",
          "integrity": "sha1-nITsLc9oGH/wC8ZOEnS0QhduHIQ="
        }
      }
    },
    "@atlaskit/spinner": {
      "version": "1.0.5",
      "resolved": "https://registry.npmjs.org/@atlaskit/spinner/-/spinner-1.0.5.tgz",
      "integrity": "sha1-HlDhHvsMw17kITWwGwbX2P5zDeo=",
      "requires": {
        "babel-runtime": "6.26.0",
        "classnames": "2.2.5"
      },
      "dependencies": {
        "babel-runtime": {
          "version": "6.26.0",
          "resolved": "https://registry.npmjs.org/babel-runtime/-/babel-runtime-6.26.0.tgz",
          "integrity": "sha1-llxwWGaOgrVde/4E/yM3vItWR/4=",
          "requires": {
            "core-js": "2.5.1",
            "regenerator-runtime": "0.11.0"
          }
        },
        "classnames": {
          "version": "2.2.5",
          "resolved": "https://registry.npmjs.org/classnames/-/classnames-2.2.5.tgz",
          "integrity": "sha1-+zgB1FNGdknvNgPH1hoCvRKb3m0="
        },
        "core-js": {
          "version": "2.5.1",
          "resolved": "https://registry.npmjs.org/core-js/-/core-js-2.5.1.tgz",
          "integrity": "sha1-rmh03GaTd4m4B1T/VCjfZoGcpQs="
        },
        "regenerator-runtime": {
          "version": "0.11.0",
          "resolved": "https://registry.npmjs.org/regenerator-runtime/-/regenerator-runtime-0.11.0.tgz",
          "integrity": "sha512-/aA0kLeRb5N9K0d4fw7ooEbI+xDe+DKD499EQqygGqeS8N3xto15p09uY2xj7ixP81sNPXvRLnAQIqdVStgb1A=="
        }
      }
    },
    "fetch-mock": {
      "version": "5.13.1",
      "resolved": "https://registry.npmjs.org/fetch-mock/-/fetch-mock-5.13.1.tgz",
      "integrity": "sha512-eWUo2KI4sRGnRu8tKELCBfasALM5BfvrCxdI7J02j3eUM9mf+uYzJkURA0PSn/29JVapVrYFm+z+9XijXu1PdA==",
      "requires": {
        "glob-to-regexp": "0.3.0",
        "node-fetch": "1.7.3",
        "path-to-regexp": "1.7.0"
      },
      "dependencies": {
        "encoding": {
          "version": "0.1.12",
          "resolved": "https://registry.npmjs.org/encoding/-/encoding-0.1.12.tgz",
          "integrity": "sha1-U4tm8+5izRq1HsMjgp0flIDHS+s=",
          "requires": {
            "iconv-lite": "0.4.19"
          }
        },
        "glob-to-regexp": {
          "version": "0.3.0",
          "resolved": "https://registry.npmjs.org/glob-to-regexp/-/glob-to-regexp-0.3.0.tgz",
          "integrity": "sha1-jFoUlNIGbFcMw7/kSWF1rMTVAqs="
        },
        "iconv-lite": {
          "version": "0.4.19",
          "resolved": "https://registry.npmjs.org/iconv-lite/-/iconv-lite-0.4.19.tgz",
          "integrity": "sha512-oTZqweIP51xaGPI4uPa56/Pri/480R+mo7SeU+YETByQNhDG55ycFyNLIgta9vXhILrxXDmF7ZGhqZIcuN0gJQ=="
        },
        "is-stream": {
          "version": "1.1.0",
          "resolved": "https://registry.npmjs.org/is-stream/-/is-stream-1.1.0.tgz",
          "integrity": "sha1-EtSj3U5o4Lec6428hBc66A2RykQ="
        },
        "isarray": {
          "version": "0.0.1",
          "resolved": "https://registry.npmjs.org/isarray/-/isarray-0.0.1.tgz",
          "integrity": "sha1-ihis/Kmo9Bd+Cav8YDiTmwXR7t8="
        },
        "node-fetch": {
          "version": "1.7.3",
          "resolved": "https://registry.npmjs.org/node-fetch/-/node-fetch-1.7.3.tgz",
          "integrity": "sha512-NhZ4CsKx7cYm2vSrBAr2PvFOe6sWDf0UYLRqA6svUYg7+/TSfVAu49jYC4BvQ4Sms9SZgdqGBgroqfDhJdTyKQ==",
          "requires": {
            "encoding": "0.1.12",
            "is-stream": "1.1.0"
          }
        },
        "path-to-regexp": {
          "version": "1.7.0",
          "resolved": "https://registry.npmjs.org/path-to-regexp/-/path-to-regexp-1.7.0.tgz",
          "integrity": "sha1-Wf3g9DW62suhA6hOnTvGTpa5k30=",
          "requires": {
            "isarray": "0.0.1"
          }
        }
      }
    },
    "js-search": {
      "version": "1.4.2",
      "resolved": "https://registry.npmjs.org/js-search/-/js-search-1.4.2.tgz",
      "integrity": "sha1-WakeEX1rrbIL8NdkO6dXfVqB1+I="
    },
    "mediapicker": {
      "version": "9.2.1",
      "resolved": "https://registry.npmjs.org/mediapicker/-/mediapicker-9.2.1.tgz",
      "integrity": "sha512-Ppk7p2XV4c6pcoL+4slsxwRS2q0dFG3NBrG6nw7iU6ipUFfsrrlBXzQtXuAJcOKi21o97XhR/i1Cq8LxVqsMYA=="
    },
    "styled-components": {
      "version": "1.4.6",
      "resolved": "https://registry.npmjs.org/styled-components/-/styled-components-1.4.6.tgz",
      "integrity": "sha1-WPMuimq1EPsUgekB6DjgR38UiwY=",
      "requires": {
        "buffer": "5.0.8",
        "css-to-react-native": "1.0.6",
        "fbjs": "0.8.16",
        "inline-style-prefixer": "2.0.5",
        "is-function": "1.0.1",
        "is-plain-object": "2.0.4",
        "prop-types": "15.6.0",
        "supports-color": "3.2.3"
      },
      "dependencies": {
        "asap": {
          "version": "2.0.6",
          "resolved": "https://registry.npmjs.org/asap/-/asap-2.0.6.tgz",
          "integrity": "sha1-5QNHYR1+aQlDIIu9r+vLwvuGbUY="
        },
        "base64-js": {
          "version": "1.2.1",
          "resolved": "https://registry.npmjs.org/base64-js/-/base64-js-1.2.1.tgz",
          "integrity": "sha512-dwVUVIXsBZXwTuwnXI9RK8sBmgq09NDHzyR9SAph9eqk76gKK2JSQmZARC2zRC81JC2QTtxD0ARU5qTS25gIGw=="
        },
        "bowser": {
          "version": "1.8.1",
          "resolved": "https://registry.npmjs.org/bowser/-/bowser-1.8.1.tgz",
          "integrity": "sha512-NMPaR8ILtdLSWzxQtEs16XbxMcY8ohWGQ5V+TZSJS3fNUt/PBAGkF6YWO9B/4qWE23bK3o0moQKq8UyFEosYkA=="
        },
        "buffer": {
          "version": "5.0.8",
          "resolved": "https://registry.npmjs.org/buffer/-/buffer-5.0.8.tgz",
          "integrity": "sha512-xXvjQhVNz50v2nPeoOsNqWCLGfiv4ji/gXZM28jnVwdLJxH4mFyqgqCKfaK9zf1KUbG6zTkjLOy7ou+jSMarGA==",
          "requires": {
            "base64-js": "1.2.1",
            "ieee754": "1.1.8"
          }
        },
        "colors": {
          "version": "0.5.1",
          "resolved": "https://registry.npmjs.org/colors/-/colors-0.5.1.tgz",
          "integrity": "sha1-fQAj6usVTo7p/Oddy5I9DtFmd3Q="
        },
        "core-js": {
          "version": "1.2.7",
          "resolved": "https://registry.npmjs.org/core-js/-/core-js-1.2.7.tgz",
          "integrity": "sha1-ZSKUwUZR2yj6k70tX/KYOk8IxjY="
        },
        "css-color-list": {
          "version": "0.0.1",
          "resolved": "https://registry.npmjs.org/css-color-list/-/css-color-list-0.0.1.tgz",
          "integrity": "sha1-hxjoaVrnosyHh76HFfHACKfyixU=",
          "requires": {
            "css-color-names": "0.0.1"
          }
        },
        "css-color-names": {
          "version": "0.0.1",
          "resolved": "https://registry.npmjs.org/css-color-names/-/css-color-names-0.0.1.tgz",
          "integrity": "sha1-XQVI+iVkVu3kqaDCrHqxnT6xrYE="
        },
        "css-to-react-native": {
          "version": "1.0.6",
          "resolved": "https://registry.npmjs.org/css-to-react-native/-/css-to-react-native-1.0.6.tgz",
          "integrity": "sha1-cox+d05WU2VYoOyqmQ2VB8Q6SsQ=",
          "requires": {
            "css-color-list": "0.0.1",
            "fbjs": "0.8.16",
            "nearley": "2.11.0"
          }
        },
        "discontinuous-range": {
          "version": "1.0.0",
          "resolved": "https://registry.npmjs.org/discontinuous-range/-/discontinuous-range-1.0.0.tgz",
          "integrity": "sha1-44Mx8IRLukm5qctxx3FYWqsbxlo="
        },
        "encoding": {
          "version": "0.1.12",
          "resolved": "https://registry.npmjs.org/encoding/-/encoding-0.1.12.tgz",
          "integrity": "sha1-U4tm8+5izRq1HsMjgp0flIDHS+s=",
          "requires": {
            "iconv-lite": "0.4.19"
          }
        },
        "fbjs": {
          "version": "0.8.16",
          "resolved": "https://registry.npmjs.org/fbjs/-/fbjs-0.8.16.tgz",
          "integrity": "sha1-XmdDL1UNxBtXK/VYR7ispk5TN9s=",
          "requires": {
            "core-js": "1.2.7",
            "isomorphic-fetch": "2.2.1",
            "loose-envify": "1.3.1",
            "object-assign": "4.1.1",
            "promise": "7.3.1",
            "setimmediate": "1.0.5",
            "ua-parser-js": "0.7.17"
          }
        },
        "has-flag": {
          "version": "1.0.0",
          "resolved": "https://registry.npmjs.org/has-flag/-/has-flag-1.0.0.tgz",
          "integrity": "sha1-nZ55MWXOAXoA8AQYxD+UKnsdEfo="
        },
        "hyphenate-style-name": {
          "version": "1.0.2",
          "resolved": "https://registry.npmjs.org/hyphenate-style-name/-/hyphenate-style-name-1.0.2.tgz",
          "integrity": "sha1-MRYKNpMK2vH8BMYHT360FGXU7Es="
        },
        "iconv-lite": {
          "version": "0.4.19",
          "resolved": "https://registry.npmjs.org/iconv-lite/-/iconv-lite-0.4.19.tgz",
          "integrity": "sha512-oTZqweIP51xaGPI4uPa56/Pri/480R+mo7SeU+YETByQNhDG55ycFyNLIgta9vXhILrxXDmF7ZGhqZIcuN0gJQ=="
        },
        "ieee754": {
          "version": "1.1.8",
          "resolved": "https://registry.npmjs.org/ieee754/-/ieee754-1.1.8.tgz",
          "integrity": "sha1-vjPUCsEO8ZJnAfbwii2G+/0a0+Q="
        },
        "inline-style-prefixer": {
          "version": "2.0.5",
          "resolved": "https://registry.npmjs.org/inline-style-prefixer/-/inline-style-prefixer-2.0.5.tgz",
          "integrity": "sha1-wVPH6I/YT+9cYC6VqBaLJ3BnH+c=",
          "requires": {
            "bowser": "1.8.1",
            "hyphenate-style-name": "1.0.2"
          }
        },
        "is-function": {
          "version": "1.0.1",
          "resolved": "https://registry.npmjs.org/is-function/-/is-function-1.0.1.tgz",
          "integrity": "sha1-Es+5i2W1fdPRk6MSH19uL0N2ArU="
        },
        "is-plain-object": {
          "version": "2.0.4",
          "resolved": "https://registry.npmjs.org/is-plain-object/-/is-plain-object-2.0.4.tgz",
          "integrity": "sha512-h5PpgXkWitc38BBMYawTYMWJHFZJVnBquFE57xFpjB8pJFiF6gZ+bU+WyI/yqXiFR5mdLsgYNaPe8uao6Uv9Og==",
          "requires": {
            "isobject": "3.0.1"
          }
        },
        "is-stream": {
          "version": "1.1.0",
          "resolved": "https://registry.npmjs.org/is-stream/-/is-stream-1.1.0.tgz",
          "integrity": "sha1-EtSj3U5o4Lec6428hBc66A2RykQ="
        },
        "isobject": {
          "version": "3.0.1",
          "resolved": "https://registry.npmjs.org/isobject/-/isobject-3.0.1.tgz",
          "integrity": "sha1-TkMekrEalzFjaqH5yNHMvP2reN8="
        },
        "isomorphic-fetch": {
          "version": "2.2.1",
          "resolved": "https://registry.npmjs.org/isomorphic-fetch/-/isomorphic-fetch-2.2.1.tgz",
          "integrity": "sha1-YRrhrPFPXoH3KVB0coGf6XM1WKk=",
          "requires": {
            "node-fetch": "1.7.3",
            "whatwg-fetch": "2.0.3"
          }
        },
        "js-tokens": {
          "version": "3.0.2",
          "resolved": "https://registry.npmjs.org/js-tokens/-/js-tokens-3.0.2.tgz",
          "integrity": "sha1-mGbfOVECEw449/mWvOtlRDIJwls="
        },
        "loose-envify": {
          "version": "1.3.1",
          "resolved": "https://registry.npmjs.org/loose-envify/-/loose-envify-1.3.1.tgz",
          "integrity": "sha1-0aitM/qc4OcT1l/dCsi3SNR4yEg=",
          "requires": {
            "js-tokens": "3.0.2"
          }
        },
        "nearley": {
          "version": "2.11.0",
          "resolved": "https://registry.npmjs.org/nearley/-/nearley-2.11.0.tgz",
          "integrity": "sha512-clqqhEuP0ZCJQ85Xv2I/4o2Gs/fvSR6fCg5ZHVE2c8evWyNk2G++ih4JOO3lMb/k/09x6ihQ2nzKUlB/APCWjg==",
          "requires": {
            "nomnom": "1.6.2",
            "railroad-diagrams": "1.0.0",
            "randexp": "0.4.6"
          }
        },
        "node-fetch": {
          "version": "1.7.3",
          "resolved": "https://registry.npmjs.org/node-fetch/-/node-fetch-1.7.3.tgz",
          "integrity": "sha512-NhZ4CsKx7cYm2vSrBAr2PvFOe6sWDf0UYLRqA6svUYg7+/TSfVAu49jYC4BvQ4Sms9SZgdqGBgroqfDhJdTyKQ==",
          "requires": {
            "encoding": "0.1.12",
            "is-stream": "1.1.0"
          }
        },
        "nomnom": {
          "version": "1.6.2",
          "resolved": "https://registry.npmjs.org/nomnom/-/nomnom-1.6.2.tgz",
          "integrity": "sha1-hKZqJgF0QI/Ft3oY+IjszET7aXE=",
          "requires": {
            "colors": "0.5.1",
            "underscore": "1.4.4"
          }
        },
        "object-assign": {
          "version": "4.1.1",
          "resolved": "https://registry.npmjs.org/object-assign/-/object-assign-4.1.1.tgz",
          "integrity": "sha1-IQmtx5ZYh8/AXLvUQsrIv7s2CGM="
        },
        "promise": {
          "version": "7.3.1",
          "resolved": "https://registry.npmjs.org/promise/-/promise-7.3.1.tgz",
          "integrity": "sha512-nolQXZ/4L+bP/UGlkfaIujX9BKxGwmQ9OT4mOt5yvy8iK1h3wqTEJCijzGANTCCl9nWjY41juyAn2K3Q1hLLTg==",
          "requires": {
            "asap": "2.0.6"
          }
        },
        "prop-types": {
          "version": "15.6.0",
          "resolved": "https://registry.npmjs.org/prop-types/-/prop-types-15.6.0.tgz",
          "integrity": "sha1-zq8IMCL8RrSjX2nhPvda7Q1jmFY=",
          "requires": {
            "fbjs": "0.8.16",
            "loose-envify": "1.3.1",
            "object-assign": "4.1.1"
          }
        },
        "railroad-diagrams": {
          "version": "1.0.0",
          "resolved": "https://registry.npmjs.org/railroad-diagrams/-/railroad-diagrams-1.0.0.tgz",
          "integrity": "sha1-635iZ1SN3t+4mcG5Dlc3RVnN234="
        },
        "randexp": {
          "version": "0.4.6",
          "resolved": "https://registry.npmjs.org/randexp/-/randexp-0.4.6.tgz",
          "integrity": "sha512-80WNmd9DA0tmZrw9qQa62GPPWfuXJknrmVmLcxvq4uZBdYqb1wYoKTmnlGUchvVWe0XiLupYkBoXVOxz3C8DYQ==",
          "requires": {
            "discontinuous-range": "1.0.0",
            "ret": "0.1.15"
          }
        },
        "ret": {
          "version": "0.1.15",
          "resolved": "https://registry.npmjs.org/ret/-/ret-0.1.15.tgz",
          "integrity": "sha512-TTlYpa+OL+vMMNG24xSlQGEJ3B/RzEfUlLct7b5G/ytav+wPrplCpVMFuwzXbkecJrb6IYo1iFb0S9v37754mg=="
        },
        "setimmediate": {
          "version": "1.0.5",
          "resolved": "https://registry.npmjs.org/setimmediate/-/setimmediate-1.0.5.tgz",
          "integrity": "sha1-KQy7Iy4waULX1+qbg3Mqt4VvgoU="
        },
        "supports-color": {
          "version": "3.2.3",
          "resolved": "https://registry.npmjs.org/supports-color/-/supports-color-3.2.3.tgz",
          "integrity": "sha1-ZawFBLOVQXHYpklGsq48u4pfVPY=",
          "requires": {
            "has-flag": "1.0.0"
          }
        },
        "ua-parser-js": {
          "version": "0.7.17",
          "resolved": "https://registry.npmjs.org/ua-parser-js/-/ua-parser-js-0.7.17.tgz",
          "integrity": "sha512-uRdSdu1oA1rncCQL7sCj8vSyZkgtL7faaw9Tc9rZ3mGgraQ7+Pdx7w5mnOSF3gw9ZNG6oc+KXfkon3bKuROm0g=="
        },
        "underscore": {
          "version": "1.4.4",
          "resolved": "https://registry.npmjs.org/underscore/-/underscore-1.4.4.tgz",
          "integrity": "sha1-YaajIBBiKvoHljvzJSA88SI51gQ="
        },
        "whatwg-fetch": {
          "version": "2.0.3",
          "resolved": "https://registry.npmjs.org/whatwg-fetch/-/whatwg-fetch-2.0.3.tgz",
          "integrity": "sha1-nITsLc9oGH/wC8ZOEnS0QhduHIQ="
        }
      }
    },
    "tslib": {
      "version": "1.8.0",
      "resolved": "https://registry.npmjs.org/tslib/-/tslib-1.8.0.tgz",
      "integrity": "sha512-ymKWWZJST0/CkgduC2qkzjMOWr4bouhuURNXCn/inEX0L57BnRG6FhX76o7FOnsjHazCjfU2LKeSrlS2sIKQJg=="
    }
  }
}
