# THIS IS AN AUTOGENERATED FILE. DO NOT EDIT THIS FILE DIRECTLY.
# yarn lockfile v1


argparse@^1.0.7:
  version "1.0.9"
  resolved "https://registry.yarnpkg.com/argparse/-/argparse-1.0.9.tgz#73d83bc263f86e97f8cc4f6bae1b0e90a7d22c86"
  dependencies:
    sprintf-js "~1.0.2"

"browserkeymap@git://github.com/bradleyayers/browserkeymap#es6-modules-compat-with-types":
  version "1.0.1"
  resolved "git://github.com/bradleyayers/browserkeymap#3615382475d0d6beeb1c5f0b27a1eadc94a108ac"

entities@~1.1.1:
  version "1.1.1"
  resolved "https://registry.yarnpkg.com/entities/-/entities-1.1.1.tgz#6e5c2d0a5621b5dadaecef80b90edfb5cd7772f0"

linkify-it@~1.2.2:
  version "1.2.4"
  resolved "https://registry.yarnpkg.com/linkify-it/-/linkify-it-1.2.4.tgz#0773526c317c8fd13bd534ee1d180ff88abf881a"
  dependencies:
    uc.micro "^1.0.1"

markdown-it@^6.0.4:
  version "6.1.1"
  resolved "https://registry.yarnpkg.com/markdown-it/-/markdown-it-6.1.1.tgz#ced037f4473ee9f5153ac414f77dc83c91ba927c"
  dependencies:
    argparse "^1.0.7"
    entities "~1.1.1"
    linkify-it "~1.2.2"
    mdurl "~1.0.1"
    uc.micro "^1.0.1"

mdurl@~1.0.1:
  version "1.0.1"
  resolved "https://registry.yarnpkg.com/mdurl/-/mdurl-1.0.1.tgz#fe85b2ec75a59037f2adfec100fd6c601761152e"

orderedmap@^1.0.0:
  version "1.0.0"
  resolved "https://registry.yarnpkg.com/orderedmap/-/orderedmap-1.0.0.tgz#d90fc2ba1ed085190907d601dec6e6a53f8d41ba"

prosemirror-commands@^0.19.0:
  version "0.19.0"
  resolved "https://registry.yarnpkg.com/prosemirror-commands/-/prosemirror-commands-0.19.0.tgz#8e2e009cba0208ce16af89377c116a3acf3a7a32"
  dependencies:
    prosemirror-model "^0.19.0"
    prosemirror-state "^0.19.0"
    prosemirror-transform "^0.19.0"

prosemirror-history@^0.19.0:
  version "0.19.0"
  resolved "https://registry.yarnpkg.com/prosemirror-history/-/prosemirror-history-0.19.0.tgz#668d7991e50a3db7398d5c6eb6568db478f253a1"
  dependencies:
    prosemirror-state "^0.19.0"
    prosemirror-transform "^0.19.0"
    rope-sequence "^1.2.0"

prosemirror-inputrules@^0.19.0:
  version "0.19.0"
  resolved "https://registry.yarnpkg.com/prosemirror-inputrules/-/prosemirror-inputrules-0.19.0.tgz#dc01dc0fdf88fb08c37198b2eed200092be47b4c"
  dependencies:
    prosemirror-state "^0.19.0"
    prosemirror-transform "^0.19.0"

prosemirror-keymap@^0.19.0:
  version "0.19.0"
  resolved "https://registry.yarnpkg.com/prosemirror-keymap/-/prosemirror-keymap-0.19.0.tgz#716a7d3cd3a2f96baa684486c2a3478aa854aca3"
  dependencies:
    prosemirror-state "^0.19.0"
    w3c-keyname "^1.1.0"

prosemirror-markdown@^0.19.0:
  version "0.19.0"
  resolved "https://registry.yarnpkg.com/prosemirror-markdown/-/prosemirror-markdown-0.19.0.tgz#5b1bf5ea26aaff5a919803d6f136a379edc6acea"
  dependencies:
    markdown-it "^6.0.4"
    prosemirror-model "~0.19.0"

prosemirror-model@^0.19.0, prosemirror-model@~0.19.0:
  version "0.19.0"
  resolved "https://registry.yarnpkg.com/prosemirror-model/-/prosemirror-model-0.19.0.tgz#4593eeb7e4e6ba7c5727f3310c51be0583d1d9e3"
  dependencies:
    orderedmap "^1.0.0"

"prosemirror-model@git://github.com/d4rkr00t/prosemirror-model#latest-patches":
  version "0.19.0"
  resolved "git://github.com/d4rkr00t/prosemirror-model#99857dc0ef0fdbc29d5f6c2b49532c6c21f80a73"
  dependencies:
    orderedmap "^1.0.0"

prosemirror-schema-basic@^0.19.0:
  version "0.19.0"
  resolved "https://registry.yarnpkg.com/prosemirror-schema-basic/-/prosemirror-schema-basic-0.19.0.tgz#9fbd1438eb745957970f700820bc5a9331443696"
  dependencies:
    prosemirror-model "^0.19.0"

prosemirror-schema-list@^0.19.0:
  version "0.19.0"
  resolved "https://registry.yarnpkg.com/prosemirror-schema-list/-/prosemirror-schema-list-0.19.0.tgz#2ba53ab61307876a4a540cf1e2c852bcbf9a5d4f"
  dependencies:
    prosemirror-model "^0.19.0"
    prosemirror-transform "^0.19.0"

prosemirror-state@^0.19.0, prosemirror-state@^0.19.1:
  version "0.19.1"
  resolved "https://registry.yarnpkg.com/prosemirror-state/-/prosemirror-state-0.19.1.tgz#f6980d6205110035002baf8c6b8a49c33dab0c4e"
  dependencies:
    prosemirror-model "^0.19.0"
    prosemirror-transform "^0.19.0"

prosemirror-transform@^0.19.0:
  version "0.19.0"
  resolved "https://registry.yarnpkg.com/prosemirror-transform/-/prosemirror-transform-0.19.0.tgz#8c0dc5827ec90d24fa4bdffee071074224728faf"
  dependencies:
    prosemirror-model "^0.19.0"

"prosemirror-view@git+https://github.com/jspn500/prosemirror-view.git":
  version "0.19.1"
  resolved "git+https://github.com/jspn500/prosemirror-view.git#bae4dfc4e8dc782b3d730c12032b02e039bb5336"
  dependencies:
    prosemirror-model "^0.19.0"
    prosemirror-state "^0.19.0"
    prosemirror-transform "^0.19.0"

rope-sequence@^1.2.0:
  version "1.2.2"
  resolved "https://registry.yarnpkg.com/rope-sequence/-/rope-sequence-1.2.2.tgz#49c4e5c2f54a48e990b050926771e2871bcb31ce"

sprintf-js@~1.0.2:
  version "1.0.3"
  resolved "https://registry.yarnpkg.com/sprintf-js/-/sprintf-js-1.0.3.tgz#04e6926f662895354f3dd015203633b857297e2c"

uc.micro@^1.0.1:
  version "1.0.3"
  resolved "https://registry.yarnpkg.com/uc.micro/-/uc.micro-1.0.3.tgz#7ed50d5e0f9a9fb0a573379259f2a77458d50192"

w3c-keyname@^1.1.0:
  version "1.1.6"
  resolved "https://registry.yarnpkg.com/w3c-keyname/-/w3c-keyname-1.1.6.tgz#f835231f26b36cf4fb2f7aa3ee3be3db266d4b35"
