# THIS IS AN AUTOGENERATED FILE. DO NOT EDIT THIS FILE DIRECTLY.
# yarn lockfile v1


"@atlaskit/util-shared-styles@^1.0.0":
  version "1.7.1"
  resolved "https://registry.yarnpkg.com/@atlaskit/util-shared-styles/-/util-shared-styles-1.7.1.tgz#0832cb6cc1797431c4ccf67d178aa4112df305e2"
  dependencies:
    babel-runtime "^6.11.6"

ak-icon@^12.2.0:
  version "12.2.1"
  resolved "https://registry.yarnpkg.com/ak-icon/-/ak-icon-12.2.1.tgz#181c6cfc4a92a0be76594742afcb41e62cbd1330"
  dependencies:
    babel-runtime "^6.11.6"
    classnames "^2.2.5"
    create-error "^0.3.1"

babel-runtime@^6.11.6:
  version "6.23.0"
  resolved "https://registry.yarnpkg.com/babel-runtime/-/babel-runtime-6.23.0.tgz#0a9489f144de70efb3ce4300accdb329e2fc543b"
  dependencies:
    core-js "^2.4.0"
    regenerator-runtime "^0.10.0"

classnames@^2.2.5:
  version "2.2.5"
  resolved "https://registry.yarnpkg.com/classnames/-/classnames-2.2.5.tgz#fb3801d453467649ef3603c7d61a02bd129bde6d"

core-js@^2.4.0:
  version "2.4.1"
  resolved "https://registry.yarnpkg.com/core-js/-/core-js-2.4.1.tgz#4de911e667b0eae9124e34254b53aea6fc618d3e"

create-error@^0.3.1:
  version "0.3.1"
  resolved "https://registry.yarnpkg.com/create-error/-/create-error-0.3.1.tgz#69810245a629e654432bf04377360003a5351a23"

regenerator-runtime@^0.10.0:
  version "0.10.3"
  resolved "https://registry.yarnpkg.com/regenerator-runtime/-/regenerator-runtime-0.10.3.tgz#8c4367a904b51ea62a908ac310bf99ff90a82a3e"
