# THIS IS AN AUTOGENERATED FILE. DO NOT EDIT THIS FILE DIRECTLY.
# yarn lockfile v1


incremental-dom@0.4.1:
  version "0.4.1"
  resolved "https://registry.yarnpkg.com/incremental-dom/-/incremental-dom-0.4.1.tgz#80eb151969bd52054dc29a4720c4e89abd103401"

skatejs@^4.0.6:
  version "4.6.7"
  resolved "https://registry.yarnpkg.com/skatejs/-/skatejs-4.6.7.tgz#655d87bd3f8135a4e4d6e1c9d9afd483dbb40aeb"
  dependencies:
    incremental-dom "0.4.1"

uid@^0.0.2:
  version "0.0.2"
  resolved "https://registry.yarnpkg.com/uid/-/uid-0.0.2.tgz#5e4a5d4b78138b4f70f89fd3c76fc59aa9d2f103"
