# THIS IS AN AUTOGENERATED FILE. DO NOT EDIT THIS FILE DIRECTLY.
# yarn lockfile v1
ak-avatar@^5.1.1:
  version "5.1.1"
  resolved "https://registry.yarnpkg.com/ak-avatar/-/ak-avatar-5.1.1.tgz#29031b7f36ae8153d06459140e0c10528e8705d7"
  dependencies:
    akutil-shared-styles "^37.0.0"
    babel-runtime "^6.11.6"
    classnames "^2.2.5"

ak-badge@^2.0.3:
  version "2.1.0"
  resolved "https://registry.yarnpkg.com/ak-badge/-/ak-badge-2.1.0.tgz#2177a8358c8605d5b1ce9c516eca156b74b84f0d"
  dependencies:
    akutil-shared-styles "^37.0.0"
    babel-runtime "^6.11.6"
    classnames "^2.2.5"

ak-blanket@^6.0.1:
  version "6.0.2"
  resolved "https://registry.yarnpkg.com/ak-blanket/-/ak-blanket-6.0.2.tgz#2f3c9414c94f2dd3855ef0ef46cd625ef314ff6f"
  dependencies:
    akutil-shared-styles "^37.0.0"
    babel-runtime "^6.11.6"
    classnames "^2.2.5"

ak-button@^5.1.1, ak-button@^5.1.3:
  version "5.4.1"
  resolved "https://registry.yarnpkg.com/ak-button/-/ak-button-5.4.1.tgz#ccf32384916a0605f8b058ac8847112da5153d84"
  dependencies:
    akutil-shared-styles "^37.0.0"
    babel-runtime "^6.11.6"
    classnames "^2.2.5"

ak-dropdown-menu:
  version "2.2.3"
  resolved "https://registry.yarnpkg.com/ak-dropdown-menu/-/ak-dropdown-menu-2.2.3.tgz#7ed9e8154391c79df5a0b969cf58c931789dfd5c"
  dependencies:
    uid "0.0.2"
    ak-button "^5.1.1"
    ak-droplist "^4.0.0"
    ak-droplist-group "^2.0.2"
    ak-droplist-item "^3.1.1"
    ak-icon "^12.2.0"
    ak-layer "^62.0.2"
    akutil-shared-styles "^37.0.0"
    babel-runtime "^6.11.6"
    classnames "^2.2.5"
    keycode "^2.1.2"

ak-droplist-group@^2.0.2:
  version "2.2.1"
  resolved "https://registry.yarnpkg.com/ak-droplist-group/-/ak-droplist-group-2.2.1.tgz#e9735e65ad64276f979f417549f152fdf1ec307a"
  dependencies:
    akutil-shared-styles "^37.0.0"
    babel-runtime "^6.11.6"
    classnames "^2.2.5"

ak-droplist-item@^3.1.1:
  version "3.5.0"
  resolved "https://registry.yarnpkg.com/ak-droplist-item/-/ak-droplist-item-3.5.0.tgz#4e91838503b4133d01189fe4ceaa8b03007b679d"
  dependencies:
    ak-icon "^12.1.3"
    akutil-shared-styles "^37.0.0"
    babel-runtime "^6.11.6"
    classnames "^2.2.5"
    keycode "^2.1.7"

ak-droplist-trigger@^2.0.0:
  version "2.0.1"
  resolved "https://registry.yarnpkg.com/ak-droplist-trigger/-/ak-droplist-trigger-2.0.1.tgz#6f24f94afdabe3dd606dbb61fbfe39d11c9d3d1d"
  dependencies:
    akutil-shared-styles "^37.0.0"
    babel-runtime "^6.11.6"
    classnames "^2.2.5"
    keycode "^2.1.7"

ak-droplist@^4.0.0:
  version "4.2.3"
  resolved "https://registry.yarnpkg.com/ak-droplist/-/ak-droplist-4.2.3.tgz#8af21982f4e7298fe7bd048e60fe536ea408fff2"
  dependencies:
    ak-droplist-trigger "^2.0.0"
    ak-layer "^62.0.2"
    akutil-shared-styles "^37.0.0"
    babel-runtime "^6.11.6"
    classnames "^2.2.5"

ak-icon@^12.1.3, ak-icon@^12.2.0:
  version "12.2.0"
  resolved "https://registry.yarnpkg.com/ak-icon/-/ak-icon-12.2.0.tgz#9d386742ce036ba990a01257f8bc406a2a3c05b6"
  dependencies:
    babel-runtime "^6.11.6"
    classnames "^2.2.5"
    create-error "^0.3.1"

ak-layer@^62.0.2:
  version "62.2.1"
  resolved "https://registry.yarnpkg.com/ak-layer/-/ak-layer-62.2.1.tgz#a378cdc526b35806106f4f8388afdd171f83e20f"
  dependencies:
    babel-runtime "^6.11.6"
    popper.js "^1.0.1"

ak-page@^7.0.0:
  version "7.0.4"
  resolved "https://registry.yarnpkg.com/ak-page/-/ak-page-7.0.4.tgz#a011b0c96856bd2bbf365edb79ff013f54280e61"
  dependencies:
    akutil-shared-styles "^37.0.0"
    babel-runtime "^6.11.6"
    classnames "^2.2.5"
    skatejs "^4.0.6"

akutil-common-test@*:
  version "7.0.3"
  resolved "https://registry.yarnpkg.com/akutil-common-test/-/akutil-common-test-7.0.3.tgz#d381f8824cf3940d08c7bffa11e6538bfbe5dca5"
  dependencies:
    uid "^0.0.2"
    babel-runtime "^6.11.6"
    custom-event-polyfill "^0.3.0"
    keycode "^2.1.4"

akutil-common@^5.0.0:
  version "5.0.1"
  resolved "https://registry.yarnpkg.com/akutil-common/-/akutil-common-5.0.1.tgz#ef38d86d182fa7a9b28a3bbd2adc33b495f9d0e2"
  dependencies:
    babel-runtime "^6.11.6"
    create-error "^0.3.1"
    keycode "^2.1.2"

akutil-shared-styles@^37.0.0:
  version "37.3.2"
  resolved "https://registry.yarnpkg.com/akutil-shared-styles/-/akutil-shared-styles-37.3.2.tgz#4b95a48bf28de77a01787b623687c29cde7e2f7f"
  dependencies:
    babel-runtime "^6.11.6"

babel-runtime@^6.11.6:
  version "6.20.0"
  resolved "https://registry.yarnpkg.com/babel-runtime/-/babel-runtime-6.20.0.tgz#87300bdcf4cd770f09bf0048c64204e17806d16f"
  dependencies:
    core-js "^2.4.0"
    regenerator-runtime "^0.10.0"

classnames@^2.2.5:
  version "2.2.5"
  resolved "https://registry.yarnpkg.com/classnames/-/classnames-2.2.5.tgz#fb3801d453467649ef3603c7d61a02bd129bde6d"

core-js@^2.4.0:
  version "2.4.1"
  resolved "https://registry.yarnpkg.com/core-js/-/core-js-2.4.1.tgz#4de911e667b0eae9124e34254b53aea6fc618d3e"

create-error@^0.3.1:
  version "0.3.1"
  resolved "https://registry.yarnpkg.com/create-error/-/create-error-0.3.1.tgz#69810245a629e654432bf04377360003a5351a23"

custom-event-polyfill@^0.3.0:
  version "0.3.0"
  resolved "https://registry.yarnpkg.com/custom-event-polyfill/-/custom-event-polyfill-0.3.0.tgz#99807839be62edb446b645832e0d80ead6fa1888"

formatio@1.1.1:
  version "1.1.1"
  resolved "https://registry.yarnpkg.com/formatio/-/formatio-1.1.1.tgz#5ed3ccd636551097383465d996199100e86161e9"
  dependencies:
    samsam "~1.1"

history@^3.0.0:
  version "3.2.1"
  resolved "https://registry.yarnpkg.com/history/-/history-3.2.1.tgz#71c7497f4e6090363d19a6713bb52a1bfcdd99aa"
  dependencies:
    invariant "^2.2.1"
    loose-envify "^1.2.0"
    query-string "^4.2.2"
    warning "^3.0.0"

hoist-non-react-statics@^1.2.0:
  version "1.2.0"
  resolved "https://registry.yarnpkg.com/hoist-non-react-statics/-/hoist-non-react-statics-1.2.0.tgz#aa448cf0986d55cc40773b17174b7dd066cb7cfb"

incremental-dom@0.4.1:
  version "0.4.1"
  resolved "https://registry.yarnpkg.com/incremental-dom/-/incremental-dom-0.4.1.tgz#80eb151969bd52054dc29a4720c4e89abd103401"

inherits@2.0.1:
  version "2.0.1"
  resolved "https://registry.yarnpkg.com/inherits/-/inherits-2.0.1.tgz#b17d08d326b4423e568eff719f91b0b1cbdf69f1"

invariant@^2.2.1:
  version "2.2.2"
  resolved "https://registry.yarnpkg.com/invariant/-/invariant-2.2.2.tgz#9e1f56ac0acdb6bf303306f338be3b204ae60360"
  dependencies:
    loose-envify "^1.0.0"

js-tokens@^3.0.0:
  version "3.0.0"
  resolved "https://registry.yarnpkg.com/js-tokens/-/js-tokens-3.0.0.tgz#a2f2a969caae142fb3cd56228358c89366957bd1"

karma-sinon-chai@^1.2.4:
  version "1.2.4"
  resolved "https://registry.yarnpkg.com/karma-sinon-chai/-/karma-sinon-chai-1.2.4.tgz#fea935f62be3366cf0271c8d8be51c0c70e40abc"
  dependencies:
    lolex "^1.5.0"

keycode@^2.1.2, keycode@^2.1.4, keycode@^2.1.7:
  version "2.1.8"
  resolved "https://registry.yarnpkg.com/keycode/-/keycode-2.1.8.tgz#94d2b7098215eff0e8f9a8931d5a59076c4532fb"

lolex@^1.5.0:
  version "1.5.2"
  resolved "https://registry.yarnpkg.com/lolex/-/lolex-1.5.2.tgz#94a4ce41c61185a05e98b8660dc509423ac1c416"

lolex@1.3.2:
  version "1.3.2"
  resolved "https://registry.yarnpkg.com/lolex/-/lolex-1.3.2.tgz#7c3da62ffcb30f0f5a80a2566ca24e45d8a01f31"

loose-envify@^1.0.0, loose-envify@^1.2.0:
  version "1.3.1"
  resolved "https://registry.yarnpkg.com/loose-envify/-/loose-envify-1.3.1.tgz#d1a8ad33fa9ce0e713d65fdd0ac8b748d478c848"
  dependencies:
    js-tokens "^3.0.0"

lorem-ipsum@^1.0.3:
  version "1.0.3"
  resolved "https://registry.yarnpkg.com/lorem-ipsum/-/lorem-ipsum-1.0.3.tgz#40afece589b39bcec2c2e4cb8b154122f467b5c0"
  dependencies:
    optimist "~0.3.5"

object-assign@^4.1.0:
  version "4.1.1"
  resolved "https://registry.yarnpkg.com/object-assign/-/object-assign-4.1.1.tgz#2109adc7965887cfc05cbbd442cac8bfbb360863"

optimist@~0.3.5:
  version "0.3.7"
  resolved "https://registry.yarnpkg.com/optimist/-/optimist-0.3.7.tgz#c90941ad59e4273328923074d2cf2e7cbc6ec0d9"
  dependencies:
    wordwrap "~0.0.2"

popper.js@^1.0.1:
  version "1.0.4"
  resolved "https://registry.yarnpkg.com/popper.js/-/popper.js-1.0.4.tgz#8b4b567abdd7ac7747b9799bb7553c62e47f30dd"

query-string@^4.2.2:
  version "4.3.1"
  resolved "https://registry.yarnpkg.com/query-string/-/query-string-4.3.1.tgz#54baada6713eafc92be75c47a731f2ebd09cd11d"
  dependencies:
    object-assign "^4.1.0"
    strict-uri-encode "^1.0.0"

react-lorem-component@^0.11.0:
  version "0.11.0"
  resolved "https://registry.yarnpkg.com/react-lorem-component/-/react-lorem-component-0.11.0.tgz#120387e62c934272364e12129a3308c6a2443b2a"
  dependencies:
    lorem-ipsum "^1.0.3"
    object-assign "^4.1.0"
    seedable-random "0.0.1"

react-router@^3.0.0:
  version "3.0.1"
  resolved "https://registry.yarnpkg.com/react-router/-/react-router-3.0.1.tgz#a4bf86441bd796e86a1c41d61397b604e2e4b98f"
  dependencies:
    history "^3.0.0"
    hoist-non-react-statics "^1.2.0"
    invariant "^2.2.1"
    loose-envify "^1.2.0"
    warning "^3.0.0"

regenerator-runtime@^0.10.0:
  version "0.10.1"
  resolved "https://registry.yarnpkg.com/regenerator-runtime/-/regenerator-runtime-0.10.1.tgz#257f41961ce44558b18f7814af48c17559f9faeb"

samsam@~1.1:
  version "1.1.3"
  resolved "https://registry.yarnpkg.com/samsam/-/samsam-1.1.3.tgz#9f5087419b4d091f232571e7fa52e90b0f552621"

samsam@1.1.2:
  version "1.1.2"
  resolved "https://registry.yarnpkg.com/samsam/-/samsam-1.1.2.tgz#bec11fdc83a9fda063401210e40176c3024d1567"

seedable-random@0.0.1:
  version "0.0.1"
  resolved "https://registry.yarnpkg.com/seedable-random/-/seedable-random-0.0.1.tgz#0b30cea79e4399688c5a067503a066b7c41e8316"

sinon-chai@^2.8.0:
  version "2.8.0"
  resolved "https://registry.yarnpkg.com/sinon-chai/-/sinon-chai-2.8.0.tgz#432a9bbfd51a6fc00798f4d2526a829c060687ac"

sinon@^1.17.6:
  version "1.17.7"
  resolved "https://registry.yarnpkg.com/sinon/-/sinon-1.17.7.tgz#4542a4f49ba0c45c05eb2e9dd9d203e2b8efe0bf"
  dependencies:
    formatio "1.1.1"
    lolex "1.3.2"
    samsam "1.1.2"
    util ">=0.10.3 <1"

skatejs@^4.0.6:
  version "4.6.1"
  resolved "https://registry.yarnpkg.com/skatejs/-/skatejs-4.6.1.tgz#e7137ab9782c179222a416a1fe52df0f09bb19db"
  dependencies:
    incremental-dom "0.4.1"

strict-uri-encode@^1.0.0:
  version "1.1.0"
  resolved "https://registry.yarnpkg.com/strict-uri-encode/-/strict-uri-encode-1.1.0.tgz#279b225df1d582b1f54e65addd4352e18faa0713"

uid@^0.0.2, uid@0.0.2:
  version "0.0.2"
  resolved "https://registry.yarnpkg.com/uid/-/uid-0.0.2.tgz#5e4a5d4b78138b4f70f89fd3c76fc59aa9d2f103"

"util@>=0.10.3 <1":
  version "0.10.3"
  resolved "https://registry.yarnpkg.com/util/-/util-0.10.3.tgz#7afb1afe50805246489e3db7fe0ed379336ac0f9"
  dependencies:
    inherits "2.0.1"

warning@^3.0.0:
  version "3.0.0"
  resolved "https://registry.yarnpkg.com/warning/-/warning-3.0.0.tgz#32e5377cb572de4ab04753bdf8821c01ed605b7c"
  dependencies:
    loose-envify "^1.0.0"

wordwrap@~0.0.2:
  version "0.0.3"
  resolved "https://registry.yarnpkg.com/wordwrap/-/wordwrap-0.0.3.tgz#a3d5da6cd5c0bc0008d37234bbaf1bed63059107"

