# THIS IS AN AUTOGENERATED FILE. DO NOT EDIT THIS FILE DIRECTLY.
# yarn lockfile v1


"@atlaskit/avatar@^2.0.0":
  version "2.1.5"
  resolved "https://registry.yarnpkg.com/@atlaskit/avatar/-/avatar-2.1.5.tgz#bcd66211ffc48455f3c1652a03727b2a6980bf49"
  dependencies:
    "@atlaskit/util-shared-styles" "^1.0.0"
    babel-runtime "^6.11.6"
    classnames "^2.2.5"

"@atlaskit/icon@^3.0.0":
  version "3.0.3"
  resolved "https://registry.yarnpkg.com/@atlaskit/icon/-/icon-3.0.3.tgz#0cdc098b97601454bc4b580c143bf0c30ec40d48"
  dependencies:
    babel-runtime "^6.11.6"
    classnames "^2.2.5"
    create-error "^0.3.1"

"@atlaskit/lozenge@^1.0.0":
  version "1.0.11"
  resolved "https://registry.yarnpkg.com/@atlaskit/lozenge/-/lozenge-1.0.11.tgz#8e24b07e2af58598c887884cbcc8832213acc21d"
  dependencies:
    "@atlaskit/util-shared-styles" "^1.0.0"
    babel-runtime "^6.11.6"
    classnames "^2.2.5"

"@atlaskit/util-shared-styles@^1.0.0":
  version "1.2.1"
  resolved "https://registry.yarnpkg.com/@atlaskit/util-shared-styles/-/util-shared-styles-1.2.1.tgz#0813620fbe0f0352157d945b978853a46e3b0dc9"
  dependencies:
    babel-runtime "^6.11.6"

babel-runtime@^6.11.6:
  version "6.23.0"
  resolved "https://registry.yarnpkg.com/babel-runtime/-/babel-runtime-6.23.0.tgz#0a9489f144de70efb3ce4300accdb329e2fc543b"
  dependencies:
    core-js "^2.4.0"
    regenerator-runtime "^0.10.0"

classnames@^2.2.5:
  version "2.2.5"
  resolved "https://registry.yarnpkg.com/classnames/-/classnames-2.2.5.tgz#fb3801d453467649ef3603c7d61a02bd129bde6d"

core-js@^2.4.0:
  version "2.4.1"
  resolved "https://registry.yarnpkg.com/core-js/-/core-js-2.4.1.tgz#4de911e667b0eae9124e34254b53aea6fc618d3e"

create-error@^0.3.1:
  version "0.3.1"
  resolved "https://registry.yarnpkg.com/create-error/-/create-error-0.3.1.tgz#69810245a629e654432bf04377360003a5351a23"

regenerator-runtime@^0.10.0:
  version "0.10.3"
  resolved "https://registry.yarnpkg.com/regenerator-runtime/-/regenerator-runtime-0.10.3.tgz#8c4367a904b51ea62a908ac310bf99ff90a82a3e"

uid@0.0.2:
  version "0.0.2"
  resolved "https://registry.yarnpkg.com/uid/-/uid-0.0.2.tgz#5e4a5d4b78138b4f70f89fd3c76fc59aa9d2f103"
