# THIS IS AN AUTOGENERATED FILE. DO NOT EDIT THIS FILE DIRECTLY.
# yarn lockfile v1


block-elements@^1.0.0:
  version "1.1.0"
  resolved "https://registry.yarnpkg.com/block-elements/-/block-elements-1.1.0.tgz#79febf8830fa6a22532b5b619d9c9b181e75f093"

collapse-whitespace@^1.1.6:
  version "1.1.6"
  resolved "https://registry.yarnpkg.com/collapse-whitespace/-/collapse-whitespace-1.1.6.tgz#180c3107ae813e6183bd5a55f329712fa943c103"
  dependencies:
    block-elements "^1.0.0"
    void-elements "^2.0.1"

void-elements@^2.0.1:
  version "2.0.1"
  resolved "https://registry.yarnpkg.com/void-elements/-/void-elements-2.0.1.tgz#c066afb582bb1cb4128d60ea92392e94d5e9dbec"
