# THIS IS AN AUTOGENERATED FILE. DO NOT EDIT THIS FILE DIRECTLY.
# yarn lockfile v1


axios@^0.15.3:
  version "0.15.3"
  resolved "https://registry.yarnpkg.com/axios/-/axios-0.15.3.tgz#2c9d638b2e191a08ea1d6cc988eadd6ba5bdc053"
  dependencies:
    follow-redirects "1.0.0"

debug@^2.2.0:
  version "2.6.3"
  resolved "https://registry.yarnpkg.com/debug/-/debug-2.6.3.tgz#0f7eb8c30965ec08c72accfa0130c8b79984141d"
  dependencies:
    ms "0.7.2"

follow-redirects@1.0.0:
  version "1.0.0"
  resolved "https://registry.yarnpkg.com/follow-redirects/-/follow-redirects-1.0.0.tgz#8e34298cbd2e176f254effec75a1c78cc849fd37"
  dependencies:
    debug "^2.2.0"

lru-fast@^0.2.2:
  version "0.2.2"
  resolved "https://registry.yarnpkg.com/lru-fast/-/lru-fast-0.2.2.tgz#30c233304cdd9b694b75141d897c52d4d413796c"

ms@0.7.2:
  version "0.7.2"
  resolved "https://registry.yarnpkg.com/ms/-/ms-0.7.2.tgz#ae25cf2512b3885a1d95d7f037868d8431124765"

rxjs@^5.1.0:
  version "5.2.0"
  resolved "https://registry.yarnpkg.com/rxjs/-/rxjs-5.2.0.tgz#db537de8767c05fa73721587a29e0085307d318b"
  dependencies:
    symbol-observable "^1.0.1"

symbol-observable@^1.0.1:
  version "1.0.4"
  resolved "https://registry.yarnpkg.com/symbol-observable/-/symbol-observable-1.0.4.tgz#29bf615d4aa7121bdd898b22d4b3f9bc4e2aa03d"

tslib@^1.2.0:
  version "1.6.0"
  resolved "https://registry.yarnpkg.com/tslib/-/tslib-1.6.0.tgz#cf36c93e02ae86a20fc131eae511162b869a6652"
