# THIS IS AN AUTOGENERATED FILE. DO NOT EDIT THIS FILE DIRECTLY.
# yarn lockfile v1
ajv@^4.7.2:
  version "4.8.0"
  resolved "https://registry.yarnpkg.com/ajv/-/ajv-4.8.0.tgz#011df5c4a08edb29574a477269afb15a6f97abe5"
  dependencies:
    co "^4.6.0"
    json-stable-stringify "^1.0.1"

ak-blanket@^3.0.0:
  version "3.0.9"
  resolved "https://registry.yarnpkg.com/ak-blanket/-/ak-blanket-3.0.9.tgz#b7e6ddc7d253ea84afe08cfb408e9180d66e3798"
  dependencies:
    akutil-common "^2.0.0"
    akutil-shared-styles "^34.0.1"
    babel-runtime "^6.11.6"
    classnames "^2.2.5"
    skatejs "3.1.0"

ak-button-group@^1.0.16:
  version "1.2.6"
  resolved "https://registry.yarnpkg.com/ak-button-group/-/ak-button-group-1.2.6.tgz#865454a5d6ee599f8c7563167ab7a0f57b056510"
  dependencies:
    akutil-shared-styles "^34.0.1"
    skatejs "3.1.0"

ak-button@^1.3.2, ak-button@^1.3.3:
  version "1.5.2"
  resolved "https://registry.yarnpkg.com/ak-button/-/ak-button-1.5.2.tgz#c69187d6a1ffd437bd4764702525fc14381615d1"
  dependencies:
    ak-theme "^2.0.3"
    akutil-common "^2.6.3"
    akutil-shared-styles "^34.0.1"
    babel-runtime "^6.11.6"
    classnames "^2.2.5"
    lodash.get "^4.4.2"
    skatejs "3.1.0"

ak-dropdown@^5.5.0:
  version "5.8.1"
  resolved "https://registry.yarnpkg.com/ak-dropdown/-/ak-dropdown-5.8.1.tgz#8764496558344d925eb9704b21c06136b820c168"
  dependencies:
    ak-button "^1.3.2"
    ak-icon "^8.1.2"
    ak-layer "^57.0.0"
    akutil-common "^2.2.0"
    akutil-shared-styles "^34.0.1"
    babel-runtime "^6.11.6"
    classnames "^2.2.5"
    keycode "^2.1.2"
    skatejs "3.1.0"

ak-editor-bitbucket@^3.2.2:
  version "3.4.4"
  resolved "https://registry.yarnpkg.com/ak-editor-bitbucket/-/ak-editor-bitbucket-3.4.4.tgz#8d3035edd55e4ef03b85cbafc0a23c5c4dec9961"
  dependencies:
    ak-blanket "^3.0.0"
    ak-editor-content "^2.0.1"
    ak-editor-footer "^1.0.0"
    ak-editor-hyperlink-edit "^14.1.9"
    ak-editor-plugin-block-type "^3.0.0"
    ak-editor-plugin-hyperlink "^3.0.0"
    ak-editor-plugin-image-upload "^3.0.0"
    ak-editor-plugin-lists "^3.0.0"
    ak-editor-plugin-markdown-inputrules "^3.0.0"
    ak-editor-plugin-mentions "^3.0.0"
    ak-editor-plugin-text-formatting "^3.0.0"
    ak-editor-prosemirror "^2.0.0"
    ak-editor-schema "^2.0.0"
    ak-editor-shared-styles "^1.0.3"
    ak-editor-toolbar "^2.0.2"
    ak-editor-toolbar-block-type "^2.1.9"
    ak-editor-toolbar-hyperlink "^14.0.9"
    ak-editor-toolbar-lists "^1.3.9"
    ak-editor-toolbar-text-formatting "^2.4.9"
    akutil-shared-styles "^34.0.1"
    autobind-decorator "^1.3.4"
    babel-runtime "^6.11.6"
    browserkeymap "^2.0.1"
    markdown-it "^8.0.0"
    skatejs "3.1.0"

ak-editor-button-link@^1.0.0:
  version "1.3.10"
  resolved "https://registry.yarnpkg.com/ak-editor-button-link/-/ak-editor-button-link-1.3.10.tgz#5c502ae0a477147585f64f47dcd686c015dd6d90"
  dependencies:
    ak-editor-shared-styles "^1.0.3"
    akutil-shared-styles "^34.2.0"
    babel-runtime "^6.11.6"
    skatejs "3.1.0"

ak-editor-button@^2.3.10:
  version "2.3.12"
  resolved "https://registry.yarnpkg.com/ak-editor-button/-/ak-editor-button-2.3.12.tgz#dc3f1480d372d3a27777e93f7c70182187b82c0f"
  dependencies:
    ak-editor-shared-styles "^1.0.3"
    akutil-shared-styles "^34.2.0"
    babel-runtime "^6.11.6"
    classnames "^2.2.5"
    skatejs "3.1.0"

ak-editor-content@^2.0.1:
  version "2.3.8"
  resolved "https://registry.yarnpkg.com/ak-editor-content/-/ak-editor-content-2.3.8.tgz#423ca31682f2acddf0efc2c24858a16c8f50d2e3"
  dependencies:
    ak-editor-shared-styles "^1.0.3"
    akutil-shared-styles "^34.2.0"
    babel-runtime "^6.11.6"
    skatejs "3.1.0"

ak-editor-footer@^1.0.0:
  version "1.2.13"
  resolved "https://registry.yarnpkg.com/ak-editor-footer/-/ak-editor-footer-1.2.13.tgz#f1f638bd733586afbc48da94512ef8c76017c23b"
  dependencies:
    ak-button "^1.3.3"
    ak-button-group "^1.0.16"
    ak-icon "^8.1.2"
    babel-runtime "^6.11.6"
    skatejs "3.1.0"

ak-editor-hyperlink-edit@^14.1.9:
  version "14.1.11"
  resolved "https://registry.yarnpkg.com/ak-editor-hyperlink-edit/-/ak-editor-hyperlink-edit-14.1.11.tgz#bef5cfe62a909329875234968a49552c157dec41"
  dependencies:
    ak-editor-button "^2.3.10"
    ak-editor-button-link "^1.0.0"
    ak-editor-popup "^2.0.1"
    ak-editor-popup-text-input "^1.0.0"
    ak-editor-shared-styles "^1.0.3"
    ak-icon "^8.1.2"
    akutil-shared-styles "^34.2.0"
    babel-runtime "^6.11.6"
    skatejs "3.1.0"

ak-editor-plugin-block-type@^3.0.0:
  version "3.0.1"
  resolved "https://registry.yarnpkg.com/ak-editor-plugin-block-type/-/ak-editor-plugin-block-type-3.0.1.tgz#c571325e715ec7455be79b80adb4eaa78c46ee66"
  dependencies:
    ak-editor-prosemirror "^2.0.0"

ak-editor-plugin-hyperlink@^3.0.0:
  version "3.0.3"
  resolved "https://registry.yarnpkg.com/ak-editor-plugin-hyperlink/-/ak-editor-plugin-hyperlink-3.0.3.tgz#38805e1347ce57c69d0a08c8cdf49edfcd8add5b"
  dependencies:
    ak-editor-prosemirror "^2.0.0"

ak-editor-plugin-image-upload@^3.0.0:
  version "3.0.1"
  resolved "https://registry.yarnpkg.com/ak-editor-plugin-image-upload/-/ak-editor-plugin-image-upload-3.0.1.tgz#4fc7e499f02ffbdf0832b2c0c60291619d027645"
  dependencies:
    ak-editor-prosemirror "^2.0.0"

ak-editor-plugin-lists@^3.0.0:
  version "3.0.2"
  resolved "https://registry.yarnpkg.com/ak-editor-plugin-lists/-/ak-editor-plugin-lists-3.0.2.tgz#29165e2494843bd1e2340685f429b715cf774abb"
  dependencies:
    ak-editor-prosemirror "^2.0.0"
    browserkeymap "^1.0.1"

ak-editor-plugin-markdown-inputrules@^3.0.0:
  version "3.0.1"
  resolved "https://registry.yarnpkg.com/ak-editor-plugin-markdown-inputrules/-/ak-editor-plugin-markdown-inputrules-3.0.1.tgz#ba029d765f87e2c58fd3ce02deffae59bfabf138"
  dependencies:
    ak-editor-prosemirror "^2.0.0"

ak-editor-plugin-mentions@^3.0.0:
  version "3.0.2"
  resolved "https://registry.yarnpkg.com/ak-editor-plugin-mentions/-/ak-editor-plugin-mentions-3.0.2.tgz#b29fed644a648f1c67a66544bb60271cde52025c"
  dependencies:
    ak-editor-prosemirror "^2.0.0"

ak-editor-plugin-text-formatting@^3.0.0:
  version "3.0.1"
  resolved "https://registry.yarnpkg.com/ak-editor-plugin-text-formatting/-/ak-editor-plugin-text-formatting-3.0.1.tgz#d7a02241bf6431cb5179ef924f96652f692162c3"
  dependencies:
    ak-editor-prosemirror "^2.0.0"

ak-editor-popup-text-input@^1.0.0:
  version "1.2.9"
  resolved "https://registry.yarnpkg.com/ak-editor-popup-text-input/-/ak-editor-popup-text-input-1.2.9.tgz#9d21fc4061c1d14bdc7d04abc00a9874576a64c7"
  dependencies:
    ak-editor-shared-styles "^1.0.3"
    akutil-shared-styles "^34.2.0"
    babel-runtime "^6.11.6"
    skatejs "3.1.0"

ak-editor-popup@^2.0.1:
  version "2.0.12"
  resolved "https://registry.yarnpkg.com/ak-editor-popup/-/ak-editor-popup-2.0.12.tgz#c46b0a4664bdbb494f4e38182fe1384f5b70808a"
  dependencies:
    ak-blanket "^3.0.0"
    ak-editor-shared-styles "^1.0.3"
    ak-layer "^57.0.0"
    akutil-shared-styles "^34.2.0"
    babel-runtime "^6.11.6"
    classnames "^2.2.5"
    skatejs "3.1.0"

ak-editor-prosemirror@^2.0.0, ak-editor-prosemirror@^2.3.2:
  version "2.3.2"
  resolved "https://registry.yarnpkg.com/ak-editor-prosemirror/-/ak-editor-prosemirror-2.3.2.tgz#1b16081a8da33df9e43053f38650807bf5df5ac0"
  dependencies:
    prosemirror "0.10.1"

ak-editor-schema@^2.0.0:
  version "2.4.0"
  resolved "https://registry.yarnpkg.com/ak-editor-schema/-/ak-editor-schema-2.4.0.tgz#ab26e52cc023ae4953dbe7cda9199d454fab4c20"
  dependencies:
    ak-editor-prosemirror "^2.3.2"

ak-editor-shared-styles@^1.0.3:
  version "1.0.5"
  resolved "https://registry.yarnpkg.com/ak-editor-shared-styles/-/ak-editor-shared-styles-1.0.5.tgz#8b3289eafd8f5759d39bca5fa29c629c436f8e80"
  dependencies:
    babel-runtime "^6.11.6"

ak-editor-test@^3.0.0:
  version "3.0.0"
  resolved "https://registry.yarnpkg.com/ak-editor-test/-/ak-editor-test-3.0.0.tgz#e8e9ed5555a51e35026165c48540f39ff7489b49"
  dependencies:
    ak-editor-prosemirror "^2.0.0"
    ak-editor-schema "^2.0.0"
    babel-runtime "^6.11.6"

ak-editor-toolbar-block-type@^2.1.9:
  version "2.1.11"
  resolved "https://registry.yarnpkg.com/ak-editor-toolbar-block-type/-/ak-editor-toolbar-block-type-2.1.11.tgz#2f93fd498d6d3f5a386e63e4fe9149d2a1a8165a"
  dependencies:
    ak-blanket "^3.0.0"
    ak-editor-button "^2.3.10"
    ak-editor-shared-styles "^1.0.3"
    akutil-shared-styles "^34.2.0"
    babel-runtime "^6.11.6"
    classnames "^2.2.5"
    skatejs "3.1.0"

ak-editor-toolbar-hyperlink@^14.0.9:
  version "14.1.1"
  resolved "https://registry.yarnpkg.com/ak-editor-toolbar-hyperlink/-/ak-editor-toolbar-hyperlink-14.1.1.tgz#c6d588690a6b58ba24d4bcd9426e930a1365b141"
  dependencies:
    ak-editor-button "^2.3.10"
    ak-editor-popup "^2.0.1"
    ak-editor-popup-text-input "^1.0.0"
    ak-editor-shared-styles "^1.0.3"
    ak-icon "^8.1.2"
    akutil-shared-styles "^34.2.0"
    babel-runtime "^6.11.6"
    skatejs "3.1.0"

ak-editor-toolbar-lists@^1.3.9:
  version "1.3.11"
  resolved "https://registry.yarnpkg.com/ak-editor-toolbar-lists/-/ak-editor-toolbar-lists-1.3.11.tgz#f6f070f520149301d7ce6a31544dbf2b1236d955"
  dependencies:
    ak-editor-button "^2.3.10"
    ak-editor-shared-styles "^1.0.3"
    ak-icon "^8.1.2"
    akutil-shared-styles "^34.2.0"
    babel-runtime "^6.11.6"
    skatejs "3.1.0"

ak-editor-toolbar-text-formatting@^2.4.9:
  version "2.4.11"
  resolved "https://registry.yarnpkg.com/ak-editor-toolbar-text-formatting/-/ak-editor-toolbar-text-formatting-2.4.11.tgz#6551fcdf0806c2f9204575ee312623e7cfbe5cfd"
  dependencies:
    ak-editor-button "^2.3.10"
    ak-editor-shared-styles "^1.0.3"
    ak-icon "^8.1.2"
    akutil-shared-styles "^34.2.0"
    babel-runtime "^6.11.6"
    skatejs "3.1.0"

ak-editor-toolbar@^2.0.2:
  version "2.4.12"
  resolved "https://registry.yarnpkg.com/ak-editor-toolbar/-/ak-editor-toolbar-2.4.12.tgz#3954663dabf6eae8d1b3140e31fcbabc2b02b79a"
  dependencies:
    ak-editor-prosemirror "^2.0.0"
    ak-editor-shared-styles "^1.0.3"
    akutil-shared-styles "^34.2.0"
    babel-runtime "^6.11.6"
    skatejs "3.1.0"

ak-icon@^8.1.2:
  version "8.1.3"
  resolved "https://registry.yarnpkg.com/ak-icon/-/ak-icon-8.1.3.tgz#b48a594aa71448a4f8689c838bc366c413e5ba68"
  dependencies:
    akutil-common "^2.6.3"
    babel-runtime "^6.11.6"
    classnames "^2.2.5"
    create-error "^0.3.1"
    skatejs "3.1.0"

ak-layer@^57.0.0:
  version "57.9.2"
  resolved "https://registry.yarnpkg.com/ak-layer/-/ak-layer-57.9.2.tgz#03f1934050e774dbe5553c68f20c33d44f3e4469"
  dependencies:
    akutil-common "^2.0.0"
    akutil-common-test "^3.0.0"
    akutil-shared-styles "^34.0.1"
    babel-runtime "^6.11.6"
    object-assign "^4.1.0"
    popper.js "1.0.0-alpha.3"
    skatejs "3.1.0"

ak-tabs@^2.0.0:
  version "2.1.5"
  resolved "https://registry.yarnpkg.com/ak-tabs/-/ak-tabs-2.1.5.tgz#a704ca5809820af0d0766df67f1e564259b0f43d"
  dependencies:
    ak-dropdown "^5.5.0"
    ak-icon "^8.1.2"
    akutil-shared-styles "^34.0.1"
    classnames "^2.2.5"
    css-element-queries "^0.3.2"
    debounce "^1.0.0"
    keycode "^2.1.4"
    skatejs "^1.2.1"

ak-theme@^2.0.3:
  version "2.0.3"
  resolved "https://registry.yarnpkg.com/ak-theme/-/ak-theme-2.0.3.tgz#b9b9b757fdf7c9d1fc7ff38e760a7fb8e4764fa2"
  dependencies:
    akutil-common "^2.4.0"
    akutil-shared-styles "^34.0.1"
    skatejs "^1.2.5"

akutil-common-test@^3.0.0:
  version "3.2.0"
  resolved "https://registry.yarnpkg.com/akutil-common-test/-/akutil-common-test-3.2.0.tgz#f1d59c9e6166bf17ce3ff71e31faf5abe4acb43f"
  dependencies:
    uid "^0.0.2"
    babel-runtime "^6.11.6"
    custom-event-polyfill "^0.3.0"
    keycode "^2.1.4"
    skatejs "^1.2.5"

akutil-common@^2.0.0, akutil-common@^2.2.0, akutil-common@^2.4.0, akutil-common@^2.6.3:
  version "2.7.1"
  resolved "https://registry.yarnpkg.com/akutil-common/-/akutil-common-2.7.1.tgz#e683ea8c48ef2e7ddd6be9fa7f5850bf24e0e46f"
  dependencies:
    babel-runtime "^6.11.6"
    create-error "^0.3.1"
    jss "^5.4.0"
    jss-nested "^2.4.2"
    keycode "^2.1.2"

akutil-react@^1.0.0:
  version "1.3.0"
  resolved "https://registry.yarnpkg.com/akutil-react/-/akutil-react-1.3.0.tgz#9ed8e706610790c700f5078bf6688c93494a330d"
  dependencies:
    uid "^0.0.2"
    babel-runtime "^6.11.6"
    react "^15.3.1"
    react-dom "^15.3.1"
    skatejs-react-integration "^1.0.0"

akutil-shared-styles@^34.0.1, akutil-shared-styles@^34.2.0:
  version "34.2.3"
  resolved "https://registry.yarnpkg.com/akutil-shared-styles/-/akutil-shared-styles-34.2.3.tgz#9e6696f8c160ff8d042bdfbf3784fbca309ad5b5"
  dependencies:
    babel-runtime "^6.11.6"

argparse@^1.0.7:
  version "1.0.9"
  resolved "https://registry.yarnpkg.com/argparse/-/argparse-1.0.9.tgz#73d83bc263f86e97f8cc4f6bae1b0e90a7d22c86"
  dependencies:
    sprintf-js "~1.0.2"

asap@~2.0.3:
  version "2.0.5"
  resolved "https://registry.yarnpkg.com/asap/-/asap-2.0.5.tgz#522765b50c3510490e52d7dcfe085ef9ba96958f"

autobind-decorator@^1.3.4:
  version "1.3.4"
  resolved "https://registry.yarnpkg.com/autobind-decorator/-/autobind-decorator-1.3.4.tgz#b67560e6bbbb68a35c049c82d6351ea0e82d820d"

babel-runtime@^6.11.6:
  version "6.11.6"
  resolved "https://registry.yarnpkg.com/babel-runtime/-/babel-runtime-6.11.6.tgz#6db707fef2d49c49bfa3cb64efdb436b518b8222"
  dependencies:
    core-js "^2.4.0"
    regenerator-runtime "^0.9.5"

browserkeymap@^1.0.0, browserkeymap@^1.0.1:
  version "1.0.1"
  resolved "https://registry.yarnpkg.com/browserkeymap/-/browserkeymap-1.0.1.tgz#e4b49023db77723b688319e1148dbf61fd026e0f"

browserkeymap@^2.0.1:
  version "2.0.1"
  resolved "https://registry.yarnpkg.com/browserkeymap/-/browserkeymap-2.0.1.tgz#350f8d376bf0f12027e9a130d60ff54fe6681c2d"

camel-case@^3.0.0:
  version "3.0.0"
  resolved "https://registry.yarnpkg.com/camel-case/-/camel-case-3.0.0.tgz#ca3c3688a4e9cf3a4cda777dc4dcbc713249cf73"
  dependencies:
    no-case "^2.2.0"
    upper-case "^1.1.1"

classnames@^2.2.5:
  version "2.2.5"
  resolved "https://registry.yarnpkg.com/classnames/-/classnames-2.2.5.tgz#fb3801d453467649ef3603c7d61a02bd129bde6d"

co@^4.6.0:
  version "4.6.0"
  resolved "https://registry.yarnpkg.com/co/-/co-4.6.0.tgz#6ea6bdf3d853ae54ccb8e47bfa0bf3f9031fb184"

core-js@^1.0.0:
  version "1.2.7"
  resolved "https://registry.yarnpkg.com/core-js/-/core-js-1.2.7.tgz#652294c14651db28fa93bd2d5ff2983a4f08c636"

core-js@^2.4.0:
  version "2.4.1"
  resolved "https://registry.yarnpkg.com/core-js/-/core-js-2.4.1.tgz#4de911e667b0eae9124e34254b53aea6fc618d3e"

create-error@^0.3.1:
  version "0.3.1"
  resolved "https://registry.yarnpkg.com/create-error/-/create-error-0.3.1.tgz#69810245a629e654432bf04377360003a5351a23"

css-element-queries@^0.3.2:
  version "0.3.2"
  resolved "https://registry.yarnpkg.com/css-element-queries/-/css-element-queries-0.3.2.tgz#535d80891b3af21395d005f19905fe5154b5ccff"

custom-event-polyfill@^0.3.0:
  version "0.3.0"
  resolved "https://registry.yarnpkg.com/custom-event-polyfill/-/custom-event-polyfill-0.3.0.tgz#99807839be62edb446b645832e0d80ead6fa1888"

date-now@1.0.1:
  version "1.0.1"
  resolved "https://registry.yarnpkg.com/date-now/-/date-now-1.0.1.tgz#bb7d086438debe4182a485fb3df3fbfb99d6153c"

debounce@^1.0.0:
  version "1.0.0"
  resolved "https://registry.yarnpkg.com/debounce/-/debounce-1.0.0.tgz#0948af513d2e4ce407916f8506a423d3f9cf72d8"
  dependencies:
    date-now "1.0.1"

encoding@^0.1.11:
  version "0.1.12"
  resolved "https://registry.yarnpkg.com/encoding/-/encoding-0.1.12.tgz#538b66f3ee62cd1ab51ec323829d1f9480c74beb"
  dependencies:
    iconv-lite "~0.4.13"

entities@~1.1.1:
  version "1.1.1"
  resolved "https://registry.yarnpkg.com/entities/-/entities-1.1.1.tgz#6e5c2d0a5621b5dadaecef80b90edfb5cd7772f0"

fbjs@^0.8.4:
  version "0.8.5"
  resolved "https://registry.yarnpkg.com/fbjs/-/fbjs-0.8.5.tgz#f69ba8a876096cb1b9bffe4d7c1e71c19d39d008"
  dependencies:
    core-js "^1.0.0"
    immutable "^3.7.6"
    isomorphic-fetch "^2.1.1"
    loose-envify "^1.0.0"
    object-assign "^4.1.0"
    promise "^7.1.1"
    ua-parser-js "^0.7.9"

highlight.js@^9.6.0:
  version "9.7.0"
  resolved "https://registry.yarnpkg.com/highlight.js/-/highlight.js-9.7.0.tgz#e7a926bf3079c65b2ae50314878e456a009b4aac"

iconv-lite@~0.4.13:
  version "0.4.13"
  resolved "https://registry.yarnpkg.com/iconv-lite/-/iconv-lite-0.4.13.tgz#1f88aba4ab0b1508e8312acc39345f36e992e2f2"

immutable@^3.7.6:
  version "3.8.1"
  resolved "https://registry.yarnpkg.com/immutable/-/immutable-3.8.1.tgz#200807f11ab0f72710ea485542de088075f68cd2"

incremental-dom@0.4.1:
  version "0.4.1"
  resolved "https://registry.yarnpkg.com/incremental-dom/-/incremental-dom-0.4.1.tgz#80eb151969bd52054dc29a4720c4e89abd103401"

is-browser@^2.0.1:
  version "2.0.1"
  resolved "https://registry.yarnpkg.com/is-browser/-/is-browser-2.0.1.tgz#8bf0baf799a9c62fd9de5bcee4cf3397c3e7529a"

is-stream@^1.0.1:
  version "1.1.0"
  resolved "https://registry.yarnpkg.com/is-stream/-/is-stream-1.1.0.tgz#12d4a3dd4e68e0b79ceb8dbc84173ae80d91ca44"

isomorphic-fetch@^2.1.1:
  version "2.2.1"
  resolved "https://registry.yarnpkg.com/isomorphic-fetch/-/isomorphic-fetch-2.2.1.tgz#611ae1acf14f5e81f729507472819fe9733558a9"
  dependencies:
    node-fetch "^1.0.1"
    whatwg-fetch ">=0.10.0"

js-tokens@^1.0.1:
  version "1.0.3"
  resolved "https://registry.yarnpkg.com/js-tokens/-/js-tokens-1.0.3.tgz#14e56eb68c8f1a92c43d59f5014ec29dc20f2ae1"

json-stable-stringify@^1.0.1:
  version "1.0.1"
  resolved "https://registry.yarnpkg.com/json-stable-stringify/-/json-stable-stringify-1.0.1.tgz#9a759d39c5f2ff503fd5300646ed445f88c4f9af"
  dependencies:
    jsonify "~0.0.0"

jsonify@~0.0.0:
  version "0.0.0"
  resolved "https://registry.yarnpkg.com/jsonify/-/jsonify-0.0.0.tgz#2c74b6ee41d93ca51b7b5aaee8f503631d252a73"

jss-nested@^2.4.2:
  version "2.4.3"
  resolved "https://registry.yarnpkg.com/jss-nested/-/jss-nested-2.4.3.tgz#c248b926a1be1009438bc05f50a4a88f4ec216da"
  dependencies:
    warning "^3.0.0"

jss@^5.4.0:
  version "5.5.5"
  resolved "https://registry.yarnpkg.com/jss/-/jss-5.5.5.tgz#5f7bc59106b5fba1664e3c44d59e07e711784003"
  dependencies:
    is-browser "^2.0.1"
    murmurhash-js "^1.0.0"
    warning "^3.0.0"

keycode@^2.1.2, keycode@^2.1.4:
  version "2.1.7"
  resolved "https://registry.yarnpkg.com/keycode/-/keycode-2.1.7.tgz#7b9255919f6cff562b09a064d222dca70b020f5c"

linkify-it@^2.0.0:
  version "2.0.2"
  resolved "https://registry.yarnpkg.com/linkify-it/-/linkify-it-2.0.2.tgz#994629a4adfa5a7d34e08c075611575ab9b6fcfc"
  dependencies:
    uc.micro "^1.0.1"

linkify-it@~1.2.2:
  version "1.2.4"
  resolved "https://registry.yarnpkg.com/linkify-it/-/linkify-it-1.2.4.tgz#0773526c317c8fd13bd534ee1d180ff88abf881a"
  dependencies:
    uc.micro "^1.0.1"

lodash.get@^4.4.2:
  version "4.4.2"
  resolved "https://registry.yarnpkg.com/lodash.get/-/lodash.get-4.4.2.tgz#2d177f652fa31e939b4438d5341499dfa3825e99"

loose-envify@^1.0.0, loose-envify@^1.1.0:
  version "1.2.0"
  resolved "https://registry.yarnpkg.com/loose-envify/-/loose-envify-1.2.0.tgz#69a65aad3de542cf4ee0f4fe74e8e33c709ccb0f"
  dependencies:
    js-tokens "^1.0.1"

lower-case@^1.1.1:
  version "1.1.3"
  resolved "https://registry.yarnpkg.com/lower-case/-/lower-case-1.1.3.tgz#c92393d976793eee5ba4edb583cf8eae35bd9bfb"

markdown-it@^6.0.4:
  version "6.1.1"
  resolved "https://registry.yarnpkg.com/markdown-it/-/markdown-it-6.1.1.tgz#ced037f4473ee9f5153ac414f77dc83c91ba927c"
  dependencies:
    argparse "^1.0.7"
    entities "~1.1.1"
    linkify-it "~1.2.2"
    mdurl "~1.0.1"
    uc.micro "^1.0.1"

markdown-it@^8.0.0:
  version "8.0.0"
  resolved "https://registry.yarnpkg.com/markdown-it/-/markdown-it-8.0.0.tgz#e66255497a0e409e816fbc67807975f4f26f6f82"
  dependencies:
    argparse "^1.0.7"
    entities "~1.1.1"
    linkify-it "^2.0.0"
    mdurl "^1.0.1"
    uc.micro "^1.0.3"

mdurl@^1.0.1, mdurl@~1.0.1:
  version "1.0.1"
  resolved "https://registry.yarnpkg.com/mdurl/-/mdurl-1.0.1.tgz#fe85b2ec75a59037f2adfec100fd6c601761152e"

murmurhash-js@^1.0.0:
  version "1.0.0"
  resolved "https://registry.yarnpkg.com/murmurhash-js/-/murmurhash-js-1.0.0.tgz#b06278e21fc6c37fa5313732b0412bcb6ae15f51"

no-case@^2.2.0:
  version "2.3.0"
  resolved "https://registry.yarnpkg.com/no-case/-/no-case-2.3.0.tgz#ca2825ccb76b18e6f79d573dcfbf1eace33dd164"
  dependencies:
    lower-case "^1.1.1"

node-fetch@^1.0.1:
  version "1.6.3"
  resolved "https://registry.yarnpkg.com/node-fetch/-/node-fetch-1.6.3.tgz#dc234edd6489982d58e8f0db4f695029abcd8c04"
  dependencies:
    encoding "^0.1.11"
    is-stream "^1.0.1"

object-assign@^4.1.0:
  version "4.1.0"
  resolved "https://registry.yarnpkg.com/object-assign/-/object-assign-4.1.0.tgz#7a3b3d0e98063d43f4c03f2e8ae6cd51a86883a0"

pascal-case@^2.0.0:
  version "2.0.0"
  resolved "https://registry.yarnpkg.com/pascal-case/-/pascal-case-2.0.0.tgz#39c248bde5a8dc02d5160696bdb01e044d016ee1"
  dependencies:
    camel-case "^3.0.0"
    upper-case-first "^1.1.0"

popper.js@1.0.0-alpha.3:
  version "1.0.0-alpha.3"
  resolved "https://registry.yarnpkg.com/popper.js/-/popper.js-1.0.0-alpha.3.tgz#91ea6153db66e53023d448fba66b480fb17fbaa1"

promise@^7.1.1:
  version "7.1.1"
  resolved "https://registry.yarnpkg.com/promise/-/promise-7.1.1.tgz#489654c692616b8aa55b0724fa809bb7db49c5bf"
  dependencies:
    asap "~2.0.3"

prosemirror@0.10.1:
  version "0.10.1"
  resolved "https://registry.yarnpkg.com/prosemirror/-/prosemirror-0.10.1.tgz#ce308dfd23c3c03d50d41ffc0d28912eec3b044c"
  dependencies:
    browserkeymap "^1.0.0"
    markdown-it "^6.0.4"
    subscription "^3.0.0"

react-dom@^15.3.1:
  version "15.3.2"
  resolved "https://registry.yarnpkg.com/react-dom/-/react-dom-15.3.2.tgz#c46b0aa5380d7b838e7a59c4a7beff2ed315531f"

react@^15.3.1:
  version "15.3.2"
  resolved "https://registry.yarnpkg.com/react/-/react-15.3.2.tgz#a7bccd2fee8af126b0317e222c28d1d54528d09e"
  dependencies:
    fbjs "^0.8.4"
    loose-envify "^1.1.0"
    object-assign "^4.1.0"

regenerator-runtime@^0.9.5:
  version "0.9.5"
  resolved "https://registry.yarnpkg.com/regenerator-runtime/-/regenerator-runtime-0.9.5.tgz#403d6d40a4bdff9c330dd9392dcbb2d9a8bba1fc"

skatejs-react-integration@^1.0.0:
  version "1.0.3"
  resolved "https://registry.yarnpkg.com/skatejs-react-integration/-/skatejs-react-integration-1.0.3.tgz#ea5080fce56102b70dfecabe25a789fbb66c10e8"
  dependencies:
    object-assign "^4.1.0"
    pascal-case "^2.0.0"

skatejs@^1.2.1, skatejs@^1.2.5:
  version "1.5.2"
  resolved "https://registry.yarnpkg.com/skatejs/-/skatejs-1.5.2.tgz#9c5b76f9179ee6044d0b73419865f3b3587839a1"
  dependencies:
    incremental-dom "0.4.1"

skatejs@3.1.0:
  version "3.1.0"
  resolved "https://registry.yarnpkg.com/skatejs/-/skatejs-3.1.0.tgz#c3760dfa0e1d6013186a4bc5864e252cf94a30d1"
  dependencies:
    incremental-dom "0.4.1"

sprintf-js@~1.0.2:
  version "1.0.3"
  resolved "https://registry.yarnpkg.com/sprintf-js/-/sprintf-js-1.0.3.tgz#04e6926f662895354f3dd015203633b857297e2c"

subscription@^3.0.0:
  version "3.0.0"
  resolved "https://registry.yarnpkg.com/subscription/-/subscription-3.0.0.tgz#0e3169263ea9889a7d71aa34ff4465f2d1ac26e2"

ua-parser-js@^0.7.9:
  version "0.7.10"
  resolved "https://registry.yarnpkg.com/ua-parser-js/-/ua-parser-js-0.7.10.tgz#917559ddcce07cbc09ece7d80495e4c268f4ef9f"

uc.micro@^1.0.1, uc.micro@^1.0.3:
  version "1.0.3"
  resolved "https://registry.yarnpkg.com/uc.micro/-/uc.micro-1.0.3.tgz#7ed50d5e0f9a9fb0a573379259f2a77458d50192"

uid@^0.0.2:
  version "0.0.2"
  resolved "https://registry.yarnpkg.com/uid/-/uid-0.0.2.tgz#5e4a5d4b78138b4f70f89fd3c76fc59aa9d2f103"

upper-case-first@^1.1.0:
  version "1.1.2"
  resolved "https://registry.yarnpkg.com/upper-case-first/-/upper-case-first-1.1.2.tgz#5d79bedcff14419518fd2edb0a0507c9b6859115"
  dependencies:
    upper-case "^1.1.1"

upper-case@^1.1.1:
  version "1.1.3"
  resolved "https://registry.yarnpkg.com/upper-case/-/upper-case-1.1.3.tgz#f6b4501c2ec4cdd26ba78be7222961de77621598"

warning@^3.0.0:
  version "3.0.0"
  resolved "https://registry.yarnpkg.com/warning/-/warning-3.0.0.tgz#32e5377cb572de4ab04753bdf8821c01ed605b7c"
  dependencies:
    loose-envify "^1.0.0"

whatwg-fetch@>=0.10.0:
  version "1.0.0"
  resolved "https://registry.yarnpkg.com/whatwg-fetch/-/whatwg-fetch-1.0.0.tgz#01c2ac4df40e236aaa18480e3be74bd5c8eb798e"

