# THIS IS AN AUTOGENERATED FILE. DO NOT EDIT THIS FILE DIRECTLY.
# yarn lockfile v1


"@atlaskit/icon@^5.0.0":
  version "5.0.0"
  resolved "https://registry.yarnpkg.com/@atlaskit/icon/-/icon-5.0.0.tgz#b71f87d3a6c17d2555779a34d151b150101c8cd4"
  dependencies:
    babel-runtime "^6.11.6"
    classnames "^2.2.5"
    create-error "^0.3.1"

"@atlaskit/media-core@^5.4.0":
  version "5.5.2"
  resolved "https://registry.yarnpkg.com/@atlaskit/media-core/-/media-core-5.5.2.tgz#0d2561b88324b420445465551ff441e357043080"
  dependencies:
    axios "^0.15.3"
    lru-fast "^0.2.2"
    tslib "^1.2.0"

"@atlaskit/util-shared-styles@^1.0.0":
  version "1.7.1"
  resolved "https://registry.yarnpkg.com/@atlaskit/util-shared-styles/-/util-shared-styles-1.7.1.tgz#0832cb6cc1797431c4ccf67d178aa4112df305e2"
  dependencies:
    babel-runtime "^6.11.6"

akutil-common-test@*:
  version "7.0.3"
  resolved "https://registry.yarnpkg.com/akutil-common-test/-/akutil-common-test-7.0.3.tgz#d381f8824cf3940d08c7bffa11e6538bfbe5dca5"
  dependencies:
    uid "^0.0.2"
    babel-runtime "^6.11.6"
    custom-event-polyfill "^0.3.0"
    keycode "^2.1.4"

axios@^0.15.3:
  version "0.15.3"
  resolved "https://registry.yarnpkg.com/axios/-/axios-0.15.3.tgz#2c9d638b2e191a08ea1d6cc988eadd6ba5bdc053"
  dependencies:
    follow-redirects "1.0.0"

babel-runtime@^6.11.6:
  version "6.23.0"
  resolved "https://registry.yarnpkg.com/babel-runtime/-/babel-runtime-6.23.0.tgz#0a9489f144de70efb3ce4300accdb329e2fc543b"
  dependencies:
    core-js "^2.4.0"
    regenerator-runtime "^0.10.0"

classnames@^2.2.5:
  version "2.2.5"
  resolved "https://registry.yarnpkg.com/classnames/-/classnames-2.2.5.tgz#fb3801d453467649ef3603c7d61a02bd129bde6d"

core-js@^2.4.0:
  version "2.4.1"
  resolved "https://registry.yarnpkg.com/core-js/-/core-js-2.4.1.tgz#4de911e667b0eae9124e34254b53aea6fc618d3e"

create-error@^0.3.1:
  version "0.3.1"
  resolved "https://registry.yarnpkg.com/create-error/-/create-error-0.3.1.tgz#69810245a629e654432bf04377360003a5351a23"

custom-event-polyfill@^0.3.0:
  version "0.3.0"
  resolved "https://registry.yarnpkg.com/custom-event-polyfill/-/custom-event-polyfill-0.3.0.tgz#99807839be62edb446b645832e0d80ead6fa1888"

debug@^2.2.0:
  version "2.6.6"
  resolved "https://registry.yarnpkg.com/debug/-/debug-2.6.6.tgz#a9fa6fbe9ca43cf1e79f73b75c0189cbb7d6db5a"
  dependencies:
    ms "0.7.3"

follow-redirects@1.0.0:
  version "1.0.0"
  resolved "https://registry.yarnpkg.com/follow-redirects/-/follow-redirects-1.0.0.tgz#8e34298cbd2e176f254effec75a1c78cc849fd37"
  dependencies:
    debug "^2.2.0"

keycode@^2.1.4:
  version "2.1.8"
  resolved "https://registry.yarnpkg.com/keycode/-/keycode-2.1.8.tgz#94d2b7098215eff0e8f9a8931d5a59076c4532fb"

lru-fast@^0.2.2:
  version "0.2.2"
  resolved "https://registry.yarnpkg.com/lru-fast/-/lru-fast-0.2.2.tgz#30c233304cdd9b694b75141d897c52d4d413796c"

ms@0.7.3:
  version "0.7.3"
  resolved "https://registry.yarnpkg.com/ms/-/ms-0.7.3.tgz#708155a5e44e33f5fd0fc53e81d0d40a91be1fff"

regenerator-runtime@^0.10.0:
  version "0.10.5"
  resolved "https://registry.yarnpkg.com/regenerator-runtime/-/regenerator-runtime-0.10.5.tgz#336c3efc1220adcedda2c9fab67b5a7955a33658"

tslib@^1.2.0:
  version "1.6.1"
  resolved "https://registry.yarnpkg.com/tslib/-/tslib-1.6.1.tgz#b77b09abc5fa4935e157d838b80e36dad47152c4"

uid@^0.0.2:
  version "0.0.2"
  resolved "https://registry.yarnpkg.com/uid/-/uid-0.0.2.tgz#5e4a5d4b78138b4f70f89fd3c76fc59aa9d2f103"
