# THIS IS AN AUTOGENERATED FILE. DO NOT EDIT THIS FILE DIRECTLY.
# yarn lockfile v1
amdefine@>=0.0.4:
  version "1.0.0"
  resolved "https://registry.yarnpkg.com/amdefine/-/amdefine-1.0.0.tgz#fd17474700cb5cc9c2b709f0be9d23ce3c198c33"

array-back@^1.0.3:
  version "1.0.3"
  resolved "https://registry.yarnpkg.com/array-back/-/array-back-1.0.3.tgz#f1128a5cf1b91c80bed4a218f8c5b635c8b10663"
  dependencies:
    typical "^2.4.2"

async@~0.2.6:
  version "0.2.10"
  resolved "https://registry.yarnpkg.com/async/-/async-0.2.10.tgz#b6bbe0b0674b9d719708ca38de8c237cb526c3d1"

core-js@^2.4.1:
  version "2.4.1"
  resolved "https://registry.yarnpkg.com/core-js/-/core-js-2.4.1.tgz#4de911e667b0eae9124e34254b53aea6fc618d3e"

ddata@^0.1.28:
  version "0.1.28"
  resolved "https://registry.yarnpkg.com/ddata/-/ddata-0.1.28.tgz#53138fafa3f01749ea2451d12b6b6dd9df1d5b1f"
  dependencies:
    array-back "^1.0.3"
    core-js "^2.4.1"
    handlebars "^3.0.3"
    marked "~0.3.6"
    object-get "^2.1.0"
    reduce-flatten "^1.0.1"
    string-tools "^1.0.0"
    test-value "^2.0.0"

handlebars@^3.0.3:
  version "3.0.3"
  resolved "https://registry.yarnpkg.com/handlebars/-/handlebars-3.0.3.tgz#0e09651a2f0fb3c949160583710d551f92e6d2ad"
  dependencies:
    optimist "^0.6.1"
    source-map "^0.1.40"
  optionalDependencies:
    uglify-js "~2.3"

marked@~0.3.6:
  version "0.3.6"
  resolved "https://registry.yarnpkg.com/marked/-/marked-0.3.6.tgz#b2c6c618fccece4ef86c4fc6cb8a7cbf5aeda8d7"

minimist@~0.0.1:
  version "0.0.10"
  resolved "https://registry.yarnpkg.com/minimist/-/minimist-0.0.10.tgz#de3f98543dbf96082be48ad1a0c7cda836301dcf"

object-get@^2.1.0:
  version "2.1.0"
  resolved "https://registry.yarnpkg.com/object-get/-/object-get-2.1.0.tgz#722bbdb60039efa47cad3c6dc2ce51a85c02c5ae"

optimist@^0.6.1:
  version "0.6.1"
  resolved "https://registry.yarnpkg.com/optimist/-/optimist-0.6.1.tgz#da3ea74686fa21a19a111c326e90eb15a0196686"
  dependencies:
    minimist "~0.0.1"
    wordwrap "~0.0.2"

optimist@~0.3.5:
  version "0.3.7"
  resolved "https://registry.yarnpkg.com/optimist/-/optimist-0.3.7.tgz#c90941ad59e4273328923074d2cf2e7cbc6ec0d9"
  dependencies:
    wordwrap "~0.0.2"

reduce-flatten@^1.0.1:
  version "1.0.1"
  resolved "https://registry.yarnpkg.com/reduce-flatten/-/reduce-flatten-1.0.1.tgz#258c78efd153ddf93cb561237f61184f3696e327"

source-map@^0.1.40, source-map@~0.1.7:
  version "0.1.43"
  resolved "https://registry.yarnpkg.com/source-map/-/source-map-0.1.43.tgz#c24bc146ca517c1471f5dacbe2571b2b7f9e3346"
  dependencies:
    amdefine ">=0.0.4"

string-tools@^1.0.0:
  version "1.0.0"
  resolved "https://registry.yarnpkg.com/string-tools/-/string-tools-1.0.0.tgz#c69a9d5788858997da66f1d923ba7113ea466b5a"

test-value@^2.0.0:
  version "2.1.0"
  resolved "https://registry.yarnpkg.com/test-value/-/test-value-2.1.0.tgz#11da6ff670f3471a73b625ca4f3fdcf7bb748291"
  dependencies:
    array-back "^1.0.3"
    typical "^2.6.0"

typical@^2.4.2, typical@^2.6.0:
  version "2.6.0"
  resolved "https://registry.yarnpkg.com/typical/-/typical-2.6.0.tgz#89d51554ab139848a65bcc2c8772f8fb450c40ed"

uglify-js@~2.3:
  version "2.3.6"
  resolved "https://registry.yarnpkg.com/uglify-js/-/uglify-js-2.3.6.tgz#fa0984770b428b7a9b2a8058f46355d14fef211a"
  dependencies:
    async "~0.2.6"
    optimist "~0.3.5"
    source-map "~0.1.7"

wordwrap@~0.0.2:
  version "0.0.3"
  resolved "https://registry.yarnpkg.com/wordwrap/-/wordwrap-0.0.3.tgz#a3d5da6cd5c0bc0008d37234bbaf1bed63059107"

