# THIS IS AN AUTOGENERATED FILE. DO NOT EDIT THIS FILE DIRECTLY.
# yarn lockfile v1


babel-runtime@^6.18.0:
  version "6.23.0"
  resolved "https://registry.yarnpkg.com/babel-runtime/-/babel-runtime-6.23.0.tgz#0a9489f144de70efb3ce4300accdb329e2fc543b"
  dependencies:
    core-js "^2.4.0"
    regenerator-runtime "^0.10.0"

core-js@^2.4.0:
  version "2.4.1"
  resolved "https://registry.yarnpkg.com/core-js/-/core-js-2.4.1.tgz#4de911e667b0eae9124e34254b53aea6fc618d3e"

highlight.js@~9.8.0:
  version "9.8.0"
  resolved "https://registry.yarnpkg.com/highlight.js/-/highlight.js-9.8.0.tgz#38eeef40cd45eaddbec8c9e5238fb7a783a3b685"

highlight.js@~9.9.0:
  version "9.9.0"
  resolved "https://registry.yarnpkg.com/highlight.js/-/highlight.js-9.9.0.tgz#b9995dcfdc2773e307a34f0460d92b9a474782c0"

lowlight@^1.5.0:
  version "1.6.0"
  resolved "https://registry.yarnpkg.com/lowlight/-/lowlight-1.6.0.tgz#92f61e31e09ae9e971e70cabdd9e8f219f025232"
  dependencies:
    highlight.js "~9.9.0"

react-syntax-highlighter@^4.0.1:
  version "4.0.1"
  resolved "https://registry.yarnpkg.com/react-syntax-highlighter/-/react-syntax-highlighter-4.0.1.tgz#c14bed958d0a98ed805b8695129dd4767a1bd419"
  dependencies:
    babel-runtime "^6.18.0"
    highlight.js "~9.8.0"
    lowlight "^1.5.0"

regenerator-runtime@^0.10.0:
  version "0.10.3"
  resolved "https://registry.yarnpkg.com/regenerator-runtime/-/regenerator-runtime-0.10.3.tgz#8c4367a904b51ea62a908ac310bf99ff90a82a3e"
