# THIS IS AN AUTOGENERATED FILE. DO NOT EDIT THIS FILE DIRECTLY.
# yarn lockfile v1


"@atlaskit/avatar@^1.0.0":
  version "1.0.1"
  resolved "https://registry.yarnpkg.com/@atlaskit/avatar/-/avatar-1.0.1.tgz#6fcd362c50eeec486ae9907adde4b568b161f942"
  dependencies:
    "@atlaskit/util-shared-styles" "^1.0.0"
    babel-runtime "^6.11.6"
    classnames "^2.2.5"

"@atlaskit/blanket@^1.0.0":
  version "1.2.4"
  resolved "https://registry.yarnpkg.com/@atlaskit/blanket/-/blanket-1.2.4.tgz#fe019157730d2310664f908c3113d3d606b8af4c"
  dependencies:
    "@atlaskit/util-shared-styles" "^1.0.0"
    babel-runtime "^6.11.6"
    classnames "^2.2.5"

"@atlaskit/navigation@^1.2.2":
  version "1.2.2"
  resolved "https://registry.yarnpkg.com/@atlaskit/navigation/-/navigation-1.2.2.tgz#daaf0902f7a61469ea38d82c29d6b74c505f8424"
  dependencies:
    "@atlaskit/blanket" "^1.0.0"
    "@atlaskit/util-common" "^1.0.0"
    "@atlaskit/util-shared-styles" "^1.0.0"
    babel-runtime "^6.11.6"
    classnames "^2.2.5"
    keycode "^2.1.2"

"@atlaskit/util-common@^1.0.0":
  version "1.1.2"
  resolved "https://registry.yarnpkg.com/@atlaskit/util-common/-/util-common-1.1.2.tgz#b703b58aed6b98813e2344e9e026d5f7a63ce4b8"
  dependencies:
    babel-runtime "^6.11.6"
    create-error "^0.3.1"
    keycode "^2.1.2"

"@atlaskit/util-shared-styles@^1.0.0":
  version "1.2.1"
  resolved "https://registry.yarnpkg.com/@atlaskit/util-shared-styles/-/util-shared-styles-1.2.1.tgz#0813620fbe0f0352157d945b978853a46e3b0dc9"
  dependencies:
    babel-runtime "^6.11.6"

babel-runtime@^6.11.6, babel-runtime@^6.18.0:
  version "6.23.0"
  resolved "https://registry.yarnpkg.com/babel-runtime/-/babel-runtime-6.23.0.tgz#0a9489f144de70efb3ce4300accdb329e2fc543b"
  dependencies:
    core-js "^2.4.0"
    regenerator-runtime "^0.10.0"

classnames@^2.2.5:
  version "2.2.5"
  resolved "https://registry.yarnpkg.com/classnames/-/classnames-2.2.5.tgz#fb3801d453467649ef3603c7d61a02bd129bde6d"

core-js@^2.4.0:
  version "2.4.1"
  resolved "https://registry.yarnpkg.com/core-js/-/core-js-2.4.1.tgz#4de911e667b0eae9124e34254b53aea6fc618d3e"

create-error@^0.3.1:
  version "0.3.1"
  resolved "https://registry.yarnpkg.com/create-error/-/create-error-0.3.1.tgz#69810245a629e654432bf04377360003a5351a23"

highlight.js@~9.8.0:
  version "9.8.0"
  resolved "https://registry.yarnpkg.com/highlight.js/-/highlight.js-9.8.0.tgz#38eeef40cd45eaddbec8c9e5238fb7a783a3b685"

highlight.js@~9.9.0:
  version "9.9.0"
  resolved "https://registry.yarnpkg.com/highlight.js/-/highlight.js-9.9.0.tgz#b9995dcfdc2773e307a34f0460d92b9a474782c0"

keycode@^2.1.2:
  version "2.1.8"
  resolved "https://registry.yarnpkg.com/keycode/-/keycode-2.1.8.tgz#94d2b7098215eff0e8f9a8931d5a59076c4532fb"

lorem-ipsum@^1.0.3:
  version "1.0.3"
  resolved "https://registry.yarnpkg.com/lorem-ipsum/-/lorem-ipsum-1.0.3.tgz#40afece589b39bcec2c2e4cb8b154122f467b5c0"
  dependencies:
    optimist "~0.3.5"

lowlight@^1.5.0:
  version "1.6.0"
  resolved "https://registry.yarnpkg.com/lowlight/-/lowlight-1.6.0.tgz#92f61e31e09ae9e971e70cabdd9e8f219f025232"
  dependencies:
    highlight.js "~9.9.0"

object-assign@^4.1.0:
  version "4.1.1"
  resolved "https://registry.yarnpkg.com/object-assign/-/object-assign-4.1.1.tgz#2109adc7965887cfc05cbbd442cac8bfbb360863"

optimist@~0.3.5:
  version "0.3.7"
  resolved "https://registry.yarnpkg.com/optimist/-/optimist-0.3.7.tgz#c90941ad59e4273328923074d2cf2e7cbc6ec0d9"
  dependencies:
    wordwrap "~0.0.2"

react-lorem-component@^0.11.0:
  version "0.11.0"
  resolved "https://registry.yarnpkg.com/react-lorem-component/-/react-lorem-component-0.11.0.tgz#120387e62c934272364e12129a3308c6a2443b2a"
  dependencies:
    lorem-ipsum "^1.0.3"
    object-assign "^4.1.0"
    seedable-random "0.0.1"

react-syntax-highlighter@^4.0.1:
  version "4.0.1"
  resolved "https://registry.yarnpkg.com/react-syntax-highlighter/-/react-syntax-highlighter-4.0.1.tgz#c14bed958d0a98ed805b8695129dd4767a1bd419"
  dependencies:
    babel-runtime "^6.18.0"
    highlight.js "~9.8.0"
    lowlight "^1.5.0"

regenerator-runtime@^0.10.0:
  version "0.10.3"
  resolved "https://registry.yarnpkg.com/regenerator-runtime/-/regenerator-runtime-0.10.3.tgz#8c4367a904b51ea62a908ac310bf99ff90a82a3e"

seedable-random@0.0.1:
  version "0.0.1"
  resolved "https://registry.yarnpkg.com/seedable-random/-/seedable-random-0.0.1.tgz#0b30cea79e4399688c5a067503a066b7c41e8316"

wordwrap@~0.0.2:
  version "0.0.3"
  resolved "https://registry.yarnpkg.com/wordwrap/-/wordwrap-0.0.3.tgz#a3d5da6cd5c0bc0008d37234bbaf1bed63059107"
