# THIS IS AN AUTOGENERATED FILE. DO NOT EDIT THIS FILE DIRECTLY.
# yarn lockfile v1


classnames@^2.2.5:
  version "2.2.5"
  resolved "https://registry.yarnpkg.com/classnames/-/classnames-2.2.5.tgz#fb3801d453467649ef3603c7d61a02bd129bde6d"

css-element-queries@^0.3.2:
  version "0.3.2"
  resolved "https://registry.yarnpkg.com/css-element-queries/-/css-element-queries-0.3.2.tgz#535d80891b3af21395d005f19905fe5154b5ccff"

date-now@1.0.1:
  version "1.0.1"
  resolved "https://registry.yarnpkg.com/date-now/-/date-now-1.0.1.tgz#bb7d086438debe4182a485fb3df3fbfb99d6153c"

debounce@^1.0.0:
  version "1.0.0"
  resolved "https://registry.yarnpkg.com/debounce/-/debounce-1.0.0.tgz#0948af513d2e4ce407916f8506a423d3f9cf72d8"
  dependencies:
    date-now "1.0.1"

keycode@^2.1.4:
  version "2.1.8"
  resolved "https://registry.yarnpkg.com/keycode/-/keycode-2.1.8.tgz#94d2b7098215eff0e8f9a8931d5a59076c4532fb"

lorem-ipsum@^1.0.3:
  version "1.0.3"
  resolved "https://registry.yarnpkg.com/lorem-ipsum/-/lorem-ipsum-1.0.3.tgz#40afece589b39bcec2c2e4cb8b154122f467b5c0"
  dependencies:
    optimist "~0.3.5"

object-assign@^4.1.0:
  version "4.1.1"
  resolved "https://registry.yarnpkg.com/object-assign/-/object-assign-4.1.1.tgz#2109adc7965887cfc05cbbd442cac8bfbb360863"

optimist@~0.3.5:
  version "0.3.7"
  resolved "https://registry.yarnpkg.com/optimist/-/optimist-0.3.7.tgz#c90941ad59e4273328923074d2cf2e7cbc6ec0d9"
  dependencies:
    wordwrap "~0.0.2"

react-lorem-component@^0.11.0:
  version "0.11.0"
  resolved "https://registry.yarnpkg.com/react-lorem-component/-/react-lorem-component-0.11.0.tgz#120387e62c934272364e12129a3308c6a2443b2a"
  dependencies:
    lorem-ipsum "^1.0.3"
    object-assign "^4.1.0"
    seedable-random "0.0.1"

seedable-random@0.0.1:
  version "0.0.1"
  resolved "https://registry.yarnpkg.com/seedable-random/-/seedable-random-0.0.1.tgz#0b30cea79e4399688c5a067503a066b7c41e8316"

wordwrap@~0.0.2:
  version "0.0.3"
  resolved "https://registry.yarnpkg.com/wordwrap/-/wordwrap-0.0.3.tgz#a3d5da6cd5c0bc0008d37234bbaf1bed63059107"
