# THIS IS AN AUTOGENERATED FILE. DO NOT EDIT THIS FILE DIRECTLY.
# yarn lockfile v1


ak-layer@^60.0.0:
  version "60.0.3"
  resolved "https://registry.yarnpkg.com/ak-layer/-/ak-layer-60.0.3.tgz#741ba798b92931c8aa077b47c7790f3f68a440a2"
  dependencies:
    akutil-common "^5.0.0"
    akutil-shared-styles "^37.0.0"
    babel-runtime "^6.11.6"
    object-assign "^4.1.0"
    popper.js "1.0.0-alpha.3"
    skatejs "^4.0.6"

ak-tooltip@^5.0.0:
  version "5.0.4"
  resolved "https://registry.yarnpkg.com/ak-tooltip/-/ak-tooltip-5.0.4.tgz#89299532eb5a81794d753ef53e591bb113304323"
  dependencies:
    ak-layer "^60.0.0"
    akutil-shared-styles "^37.0.0"
    babel-runtime "^6.11.6"
    classnames "^2.2.5"
    debounce "^1.0.0"
    skatejs "^4.0.6"

akutil-common@^5.0.0:
  version "5.0.1"
  resolved "https://registry.yarnpkg.com/akutil-common/-/akutil-common-5.0.1.tgz#ef38d86d182fa7a9b28a3bbd2adc33b495f9d0e2"
  dependencies:
    babel-runtime "^6.11.6"
    create-error "^0.3.1"
    keycode "^2.1.2"

akutil-react@*:
  version "3.0.3"
  resolved "https://registry.yarnpkg.com/akutil-react/-/akutil-react-3.0.3.tgz#bed2b196e3523a9b230cedffb643515807034fdf"
  dependencies:
    uid "^0.0.2"
    babel-runtime "^6.11.6"
    react "^15.3.1"
    react-dom "^15.3.1"
    skatejs-react-integration "^2.0.6"

akutil-shared-styles@^37.0.0:
  version "37.3.3"
  resolved "https://registry.yarnpkg.com/akutil-shared-styles/-/akutil-shared-styles-37.3.3.tgz#18a47a6ed5c37a554786ecafb59022a1ffc9c8e5"
  dependencies:
    babel-runtime "^6.11.6"

asap@~2.0.3:
  version "2.0.5"
  resolved "https://registry.yarnpkg.com/asap/-/asap-2.0.5.tgz#522765b50c3510490e52d7dcfe085ef9ba96958f"

babel-runtime@^6.11.6:
  version "6.23.0"
  resolved "https://registry.yarnpkg.com/babel-runtime/-/babel-runtime-6.23.0.tgz#0a9489f144de70efb3ce4300accdb329e2fc543b"
  dependencies:
    core-js "^2.4.0"
    regenerator-runtime "^0.10.0"

big.js@^3.1.3:
  version "3.1.3"
  resolved "https://registry.yarnpkg.com/big.js/-/big.js-3.1.3.tgz#4cada2193652eb3ca9ec8e55c9015669c9806978"

camel-case@^3.0.0:
  version "3.0.0"
  resolved "https://registry.yarnpkg.com/camel-case/-/camel-case-3.0.0.tgz#ca3c3688a4e9cf3a4cda777dc4dcbc713249cf73"
  dependencies:
    no-case "^2.2.0"
    upper-case "^1.1.1"

camelcase@^3.0.0:
  version "3.0.0"
  resolved "https://registry.yarnpkg.com/camelcase/-/camelcase-3.0.0.tgz#32fc4b9fcdaf845fcdf7e73bb97cac2261f0ab0a"

classnames@^2.2.5:
  version "2.2.5"
  resolved "https://registry.yarnpkg.com/classnames/-/classnames-2.2.5.tgz#fb3801d453467649ef3603c7d61a02bd129bde6d"

clipboard@^1.5.13:
  version "1.6.1"
  resolved "https://registry.yarnpkg.com/clipboard/-/clipboard-1.6.1.tgz#65c5b654812466b0faab82dc6ba0f1d2f8e4be53"
  dependencies:
    good-listener "^1.2.0"
    select "^1.1.2"
    tiny-emitter "^1.0.0"

core-js@^1.0.0:
  version "1.2.7"
  resolved "https://registry.yarnpkg.com/core-js/-/core-js-1.2.7.tgz#652294c14651db28fa93bd2d5ff2983a4f08c636"

core-js@^2.4.0:
  version "2.4.1"
  resolved "https://registry.yarnpkg.com/core-js/-/core-js-2.4.1.tgz#4de911e667b0eae9124e34254b53aea6fc618d3e"

create-error@^0.3.1:
  version "0.3.1"
  resolved "https://registry.yarnpkg.com/create-error/-/create-error-0.3.1.tgz#69810245a629e654432bf04377360003a5351a23"

date-now@1.0.1:
  version "1.0.1"
  resolved "https://registry.yarnpkg.com/date-now/-/date-now-1.0.1.tgz#bb7d086438debe4182a485fb3df3fbfb99d6153c"

debounce@^1.0.0:
  version "1.0.0"
  resolved "https://registry.yarnpkg.com/debounce/-/debounce-1.0.0.tgz#0948af513d2e4ce407916f8506a423d3f9cf72d8"
  dependencies:
    date-now "1.0.1"

define-properties@^1.1.2:
  version "1.1.2"
  resolved "https://registry.yarnpkg.com/define-properties/-/define-properties-1.1.2.tgz#83a73f2fea569898fb737193c8f873caf6d45c94"
  dependencies:
    foreach "^2.0.5"
    object-keys "^1.0.8"

delegate@^3.1.2:
  version "3.1.2"
  resolved "https://registry.yarnpkg.com/delegate/-/delegate-3.1.2.tgz#1e1bc6f5cadda6cb6cbf7e6d05d0bcdd5712aebe"

emojis-list@^2.0.0:
  version "2.1.0"
  resolved "https://registry.yarnpkg.com/emojis-list/-/emojis-list-2.1.0.tgz#4daa4d9db00f9819880c79fa457ae5b09a1fd389"

encoding@^0.1.11:
  version "0.1.12"
  resolved "https://registry.yarnpkg.com/encoding/-/encoding-0.1.12.tgz#538b66f3ee62cd1ab51ec323829d1f9480c74beb"
  dependencies:
    iconv-lite "~0.4.13"

es-abstract@^1.6.1:
  version "1.7.0"
  resolved "https://registry.yarnpkg.com/es-abstract/-/es-abstract-1.7.0.tgz#dfade774e01bfcd97f96180298c449c8623fb94c"
  dependencies:
    es-to-primitive "^1.1.1"
    function-bind "^1.1.0"
    is-callable "^1.1.3"
    is-regex "^1.0.3"

es-to-primitive@^1.1.1:
  version "1.1.1"
  resolved "https://registry.yarnpkg.com/es-to-primitive/-/es-to-primitive-1.1.1.tgz#45355248a88979034b6792e19bb81f2b7975dd0d"
  dependencies:
    is-callable "^1.1.1"
    is-date-object "^1.0.1"
    is-symbol "^1.0.1"

fbjs@^0.8.1, fbjs@^0.8.4:
  version "0.8.11"
  resolved "https://registry.yarnpkg.com/fbjs/-/fbjs-0.8.11.tgz#340b590b8a2278a01ef7467c07a16da9b753db24"
  dependencies:
    core-js "^1.0.0"
    isomorphic-fetch "^2.1.1"
    loose-envify "^1.0.0"
    object-assign "^4.1.0"
    promise "^7.1.1"
    setimmediate "^1.0.5"
    ua-parser-js "^0.7.9"

foreach@^2.0.5:
  version "2.0.5"
  resolved "https://registry.yarnpkg.com/foreach/-/foreach-2.0.5.tgz#0bee005018aeb260d0a3af3ae658dd0136ec1b99"

function-bind@^1.0.2, function-bind@^1.1.0:
  version "1.1.0"
  resolved "https://registry.yarnpkg.com/function-bind/-/function-bind-1.1.0.tgz#16176714c801798e4e8f2cf7f7529467bb4a5771"

good-listener@^1.2.0:
  version "1.2.2"
  resolved "https://registry.yarnpkg.com/good-listener/-/good-listener-1.2.2.tgz#d53b30cdf9313dffb7dc9a0d477096aa6d145c50"
  dependencies:
    delegate "^3.1.2"

has@^1.0.1:
  version "1.0.1"
  resolved "https://registry.yarnpkg.com/has/-/has-1.0.1.tgz#8461733f538b0837c9361e39a9ab9e9704dc2f28"
  dependencies:
    function-bind "^1.0.2"

hex-rgb@~1.0.0:
  version "1.0.0"
  resolved "https://registry.yarnpkg.com/hex-rgb/-/hex-rgb-1.0.0.tgz#532275697cb9823e052429b184c6781d46cfdf49"

iconv-lite@~0.4.13:
  version "0.4.15"
  resolved "https://registry.yarnpkg.com/iconv-lite/-/iconv-lite-0.4.15.tgz#fe265a218ac6a57cfe854927e9d04c19825eddeb"

incremental-dom@0.4.1:
  version "0.4.1"
  resolved "https://registry.yarnpkg.com/incremental-dom/-/incremental-dom-0.4.1.tgz#80eb151969bd52054dc29a4720c4e89abd103401"

is-callable@^1.1.1, is-callable@^1.1.3:
  version "1.1.3"
  resolved "https://registry.yarnpkg.com/is-callable/-/is-callable-1.1.3.tgz#86eb75392805ddc33af71c92a0eedf74ee7604b2"

is-date-object@^1.0.1:
  version "1.0.1"
  resolved "https://registry.yarnpkg.com/is-date-object/-/is-date-object-1.0.1.tgz#9aa20eb6aeebbff77fbd33e74ca01b33581d3a16"

is-regex@^1.0.3:
  version "1.0.4"
  resolved "https://registry.yarnpkg.com/is-regex/-/is-regex-1.0.4.tgz#5517489b547091b0930e095654ced25ee97e9491"
  dependencies:
    has "^1.0.1"

is-stream@^1.0.1:
  version "1.1.0"
  resolved "https://registry.yarnpkg.com/is-stream/-/is-stream-1.1.0.tgz#12d4a3dd4e68e0b79ceb8dbc84173ae80d91ca44"

is-symbol@^1.0.1:
  version "1.0.1"
  resolved "https://registry.yarnpkg.com/is-symbol/-/is-symbol-1.0.1.tgz#3cc59f00025194b6ab2e38dbae6689256b660572"

isomorphic-fetch@^2.1.1:
  version "2.2.1"
  resolved "https://registry.yarnpkg.com/isomorphic-fetch/-/isomorphic-fetch-2.2.1.tgz#611ae1acf14f5e81f729507472819fe9733558a9"
  dependencies:
    node-fetch "^1.0.1"
    whatwg-fetch ">=0.10.0"

javascript-natural-sort@^0.7.1:
  version "0.7.1"
  resolved "https://registry.yarnpkg.com/javascript-natural-sort/-/javascript-natural-sort-0.7.1.tgz#f9e2303d4507f6d74355a73664d1440fb5a0ef59"

js-tokens@^3.0.0:
  version "3.0.1"
  resolved "https://registry.yarnpkg.com/js-tokens/-/js-tokens-3.0.1.tgz#08e9f132484a2c45a30907e9dc4d5567b7f114d7"

json5@^0.5.0:
  version "0.5.1"
  resolved "https://registry.yarnpkg.com/json5/-/json5-0.5.1.tgz#1eade7acc012034ad84e2396767ead9fa5495821"

keycode@^2.1.2:
  version "2.1.8"
  resolved "https://registry.yarnpkg.com/keycode/-/keycode-2.1.8.tgz#94d2b7098215eff0e8f9a8931d5a59076c4532fb"

less-vars-loader@^1.1.0:
  version "1.1.0"
  resolved "https://registry.yarnpkg.com/less-vars-loader/-/less-vars-loader-1.1.0.tgz#2f2245d9040225bfdf553fa5e0ddd8e47bca95b8"
  dependencies:
    camelcase "^3.0.0"
    less-vars-to-js "^1.1.2"
    loader-utils "^0.2.16"
    object.entries "^1.0.3"

less-vars-to-js@^1.1.2:
  version "1.1.2"
  resolved "https://registry.yarnpkg.com/less-vars-to-js/-/less-vars-to-js-1.1.2.tgz#eef3e48e0ab8d0fb9a8b515753a2d7b502a9ab0c"

loader-utils@^0.2.16:
  version "0.2.17"
  resolved "https://registry.yarnpkg.com/loader-utils/-/loader-utils-0.2.17.tgz#f86e6374d43205a6e6c60e9196f17c0299bfb348"
  dependencies:
    big.js "^3.1.3"
    emojis-list "^2.0.0"
    json5 "^0.5.0"
    object-assign "^4.0.1"

loose-envify@^1.0.0, loose-envify@^1.1.0:
  version "1.3.1"
  resolved "https://registry.yarnpkg.com/loose-envify/-/loose-envify-1.3.1.tgz#d1a8ad33fa9ce0e713d65fdd0ac8b748d478c848"
  dependencies:
    js-tokens "^3.0.0"

lower-case@^1.1.1:
  version "1.1.4"
  resolved "https://registry.yarnpkg.com/lower-case/-/lower-case-1.1.4.tgz#9a2cabd1b9e8e0ae993a4bf7d5875c39c42e8eac"

no-case@^2.2.0:
  version "2.3.1"
  resolved "https://registry.yarnpkg.com/no-case/-/no-case-2.3.1.tgz#7aeba1c73a52184265554b7dc03baf720df80081"
  dependencies:
    lower-case "^1.1.1"

node-fetch@^1.0.1:
  version "1.6.3"
  resolved "https://registry.yarnpkg.com/node-fetch/-/node-fetch-1.6.3.tgz#dc234edd6489982d58e8f0db4f695029abcd8c04"
  dependencies:
    encoding "^0.1.11"
    is-stream "^1.0.1"

object-assign@^4.0.1, object-assign@^4.1.0:
  version "4.1.1"
  resolved "https://registry.yarnpkg.com/object-assign/-/object-assign-4.1.1.tgz#2109adc7965887cfc05cbbd442cac8bfbb360863"

object-keys@^1.0.8:
  version "1.0.11"
  resolved "https://registry.yarnpkg.com/object-keys/-/object-keys-1.0.11.tgz#c54601778ad560f1142ce0e01bcca8b56d13426d"

object.entries@^1.0.3:
  version "1.0.4"
  resolved "https://registry.yarnpkg.com/object.entries/-/object.entries-1.0.4.tgz#1bf9a4dd2288f5b33f3a993d257661f05d161a5f"
  dependencies:
    define-properties "^1.1.2"
    es-abstract "^1.6.1"
    function-bind "^1.1.0"
    has "^1.0.1"

pascal-case@^2.0.0:
  version "2.0.1"
  resolved "https://registry.yarnpkg.com/pascal-case/-/pascal-case-2.0.1.tgz#2d578d3455f660da65eca18ef95b4e0de912761e"
  dependencies:
    camel-case "^3.0.0"
    upper-case-first "^1.1.0"

popper.js@1.0.0-alpha.3:
  version "1.0.0-alpha.3"
  resolved "https://registry.yarnpkg.com/popper.js/-/popper.js-1.0.0-alpha.3.tgz#91ea6153db66e53023d448fba66b480fb17fbaa1"

promise@^7.1.1:
  version "7.1.1"
  resolved "https://registry.yarnpkg.com/promise/-/promise-7.1.1.tgz#489654c692616b8aa55b0724fa809bb7db49c5bf"
  dependencies:
    asap "~2.0.3"

react-dom@^15.3.1:
  version "15.4.2"
  resolved "https://registry.yarnpkg.com/react-dom/-/react-dom-15.4.2.tgz#015363f05b0a1fd52ae9efdd3a0060d90695208f"
  dependencies:
    fbjs "^0.8.1"
    loose-envify "^1.1.0"
    object-assign "^4.1.0"

react@^15.3.1:
  version "15.4.2"
  resolved "https://registry.yarnpkg.com/react/-/react-15.4.2.tgz#41f7991b26185392ba9bae96c8889e7e018397ef"
  dependencies:
    fbjs "^0.8.4"
    loose-envify "^1.1.0"
    object-assign "^4.1.0"

regenerator-runtime@^0.10.0:
  version "0.10.3"
  resolved "https://registry.yarnpkg.com/regenerator-runtime/-/regenerator-runtime-0.10.3.tgz#8c4367a904b51ea62a908ac310bf99ff90a82a3e"

relative-luminance@0.0.0:
  version "0.0.0"
  resolved "https://registry.yarnpkg.com/relative-luminance/-/relative-luminance-0.0.0.tgz#5c56f75687ea722023fe4d96ea44683ccdf1fbfe"

rgba-convert@^0.3.0:
  version "0.3.0"
  resolved "https://registry.yarnpkg.com/rgba-convert/-/rgba-convert-0.3.0.tgz#0e66dca98c3fc33cec5ff7a201e3c49feee1f5b2"

select@^1.1.2:
  version "1.1.2"
  resolved "https://registry.yarnpkg.com/select/-/select-1.1.2.tgz#0e7350acdec80b1108528786ec1d4418d11b396d"

setimmediate@^1.0.5:
  version "1.0.5"
  resolved "https://registry.yarnpkg.com/setimmediate/-/setimmediate-1.0.5.tgz#290cbb232e306942d7d7ea9b83732ab7856f8285"

skatejs-react-integration@^2.0.6:
  version "2.0.6"
  resolved "https://registry.yarnpkg.com/skatejs-react-integration/-/skatejs-react-integration-2.0.6.tgz#96d25a548f5d42b05465856d55e34c35a9631b26"
  dependencies:
    object-assign "^4.1.0"
    pascal-case "^2.0.0"

skatejs@^4.0.4, skatejs@^4.0.6:
  version "4.6.7"
  resolved "https://registry.yarnpkg.com/skatejs/-/skatejs-4.6.7.tgz#655d87bd3f8135a4e4d6e1c9d9afd483dbb40aeb"
  dependencies:
    incremental-dom "0.4.1"

tiny-emitter@^1.0.0:
  version "1.1.0"
  resolved "https://registry.yarnpkg.com/tiny-emitter/-/tiny-emitter-1.1.0.tgz#ab405a21ffed814a76c19739648093d70654fecb"

ua-parser-js@^0.7.9:
  version "0.7.12"
  resolved "https://registry.yarnpkg.com/ua-parser-js/-/ua-parser-js-0.7.12.tgz#04c81a99bdd5dc52263ea29d24c6bf8d4818a4bb"

uid@0.0.2, uid@^0.0.2:
  version "0.0.2"
  resolved "https://registry.yarnpkg.com/uid/-/uid-0.0.2.tgz#5e4a5d4b78138b4f70f89fd3c76fc59aa9d2f103"

upper-case-first@^1.1.0:
  version "1.1.2"
  resolved "https://registry.yarnpkg.com/upper-case-first/-/upper-case-first-1.1.2.tgz#5d79bedcff14419518fd2edb0a0507c9b6859115"
  dependencies:
    upper-case "^1.1.1"

upper-case@^1.1.1:
  version "1.1.3"
  resolved "https://registry.yarnpkg.com/upper-case/-/upper-case-1.1.3.tgz#f6b4501c2ec4cdd26ba78be7222961de77621598"

wcag-contrast@^0.1.0:
  version "0.1.0"
  resolved "https://registry.yarnpkg.com/wcag-contrast/-/wcag-contrast-0.1.0.tgz#6ae37954e404941718eda1a1d8e270d9b5671934"
  dependencies:
    hex-rgb "~1.0.0"
    relative-luminance "0.0.0"

whatwg-fetch@>=0.10.0:
  version "2.0.3"
  resolved "https://registry.yarnpkg.com/whatwg-fetch/-/whatwg-fetch-2.0.3.tgz#9c84ec2dcf68187ff00bc64e1274b442176e1c84"
